// !$*UTF8*$!
{
	archiveVersion = 1;
	classes = {
	};
	objectVersion = 46;
	objects = {

/* Begin PBXBuildFile section */
		04F79DD7C617385685D27E50 /* libPods-NanoLrsLibiOSTests.a in Frameworks */ = {isa = PBXBuildFile; fileRef = 603479DBBCB60927275B69C3 /* libPods-NanoLrsLibiOSTests.a */; };
		244D2D6C89AB3FF1546F871C /* libPods-NanoLrsLibiOS.a in Frameworks */ = {isa = PBXBuildFile; fileRef = F1CD5FC946E0E7BEA7AB7D92 /* libPods-NanoLrsLibiOS.a */; };
		AD7622801E3F219900DCE64F /* main.m in Sources */ = {isa = PBXBuildFile; fileRef = AD76227F1E3F219900DCE64F /* main.m */; };
		AD7622831E3F219900DCE64F /* AppDelegate.m in Sources */ = {isa = PBXBuildFile; fileRef = AD7622821E3F219900DCE64F /* AppDelegate.m */; };
		AD7622861E3F219900DCE64F /* ViewController.m in Sources */ = {isa = PBXBuildFile; fileRef = AD7622851E3F219900DCE64F /* ViewController.m */; settings = {COMPILER_FLAGS = "-fobjc-arc"; }; };
		AD7622891E3F219900DCE64F /* Main.storyboard in Resources */ = {isa = PBXBuildFile; fileRef = AD7622871E3F219900DCE64F /* Main.storyboard */; };
		AD76228B1E3F219900DCE64F /* Assets.xcassets in Resources */ = {isa = PBXBuildFile; fileRef = AD76228A1E3F219900DCE64F /* Assets.xcassets */; };
		AD76228E1E3F219900DCE64F /* LaunchScreen.storyboard in Resources */ = {isa = PBXBuildFile; fileRef = AD76228C1E3F219900DCE64F /* LaunchScreen.storyboard */; };
		AD7622991E3F219900DCE64F /* NanoLrsLibiOSTests.m in Sources */ = {isa = PBXBuildFile; fileRef = AD7622981E3F219900DCE64F /* NanoLrsLibiOSTests.m */; };
		AD7622AD1E3F2F1800DCE64F /* NanoHTTPD.m in Sources */ = {isa = PBXBuildFile; fileRef = AD7622A81E3F2F1800DCE64F /* NanoHTTPD.m */; };
		AD7622AF1E3F2F1800DCE64F /* RouterNanoHTTPD.m in Sources */ = {isa = PBXBuildFile; fileRef = AD7622AA1E3F2F1800DCE64F /* RouterNanoHTTPD.m */; };
		AD7622B11E3F2F1800DCE64F /* ServerRunner.m in Sources */ = {isa = PBXBuildFile; fileRef = AD7622AC1E3F2F1800DCE64F /* ServerRunner.m */; };
		AD7622B51E3F2FDF00DCE64F /* Security.framework in Frameworks */ = {isa = PBXBuildFile; fileRef = AD7622B41E3F2FDF00DCE64F /* Security.framework */; };
		AD7622B71E3F305800DCE64F /* libz.tbd in Frameworks */ = {isa = PBXBuildFile; fileRef = AD7622B61E3F305800DCE64F /* libz.tbd */; };
		AD7622BC1E3F387200DCE64F /* TestParseUtils.m in Sources */ = {isa = PBXBuildFile; fileRef = AD7622BA1E3F387200DCE64F /* TestParseUtils.m */; };
		AD7622BD1E3F391400DCE64F /* Security.framework in Frameworks */ = {isa = PBXBuildFile; fileRef = AD7622B41E3F2FDF00DCE64F /* Security.framework */; };
		AD7622BE1E3F391E00DCE64F /* libz.tbd in Frameworks */ = {isa = PBXBuildFile; fileRef = AD7622B61E3F305800DCE64F /* libz.tbd */; };
		AD7622FE1E3F395800DCE64F /* Base64CoderNanoLrs.m in Sources */ = {isa = PBXBuildFile; fileRef = AD7622C11E3F395800DCE64F /* Base64CoderNanoLrs.m */; };
		AD7623001E3F395800DCE64F /* HttpLrs.m in Sources */ = {isa = PBXBuildFile; fileRef = AD7622C31E3F395800DCE64F /* HttpLrs.m */; };
		AD7623021E3F395800DCE64F /* JsonUtil.m in Sources */ = {isa = PBXBuildFile; fileRef = AD7622C51E3F395800DCE64F /* JsonUtil.m */; };
		AD7623041E3F395800DCE64F /* LrsIoUtils.m in Sources */ = {isa = PBXBuildFile; fileRef = AD7622C71E3F395800DCE64F /* LrsIoUtils.m */; };
		AD7623061E3F395800DCE64F /* ParseUtil.m in Sources */ = {isa = PBXBuildFile; fileRef = AD7622C91E3F395800DCE64F /* ParseUtil.m */; };
		AD7623081E3F395800DCE64F /* PersistenceManager.m in Sources */ = {isa = PBXBuildFile; fileRef = AD7622CB1E3F395800DCE64F /* PersistenceManager.m */; };
		AD76230A1E3F395800DCE64F /* PersistenceManagerFactory.m in Sources */ = {isa = PBXBuildFile; fileRef = AD7622CD1E3F395800DCE64F /* PersistenceManagerFactory.m */; };
		AD76230C1E3F395800DCE64F /* PersistenceReceiver.m in Sources */ = {isa = PBXBuildFile; fileRef = AD7622CF1E3F395800DCE64F /* PersistenceReceiver.m */; };
		AD76230E1E3F395800DCE64F /* XapiActivity.m in Sources */ = {isa = PBXBuildFile; fileRef = AD7622D11E3F395800DCE64F /* XapiActivity.m */; };
		AD7623101E3F395900DCE64F /* XapiActivityEndpoint.m in Sources */ = {isa = PBXBuildFile; fileRef = AD7622D31E3F395800DCE64F /* XapiActivityEndpoint.m */; };
		AD7623121E3F395900DCE64F /* XapiActivityManager.m in Sources */ = {isa = PBXBuildFile; fileRef = AD7622D51E3F395800DCE64F /* XapiActivityManager.m */; };
		AD7623141E3F395900DCE64F /* XapiAgent.m in Sources */ = {isa = PBXBuildFile; fileRef = AD7622D71E3F395800DCE64F /* XapiAgent.m */; };
		AD7623161E3F395900DCE64F /* XapiAgentEndpoint.m in Sources */ = {isa = PBXBuildFile; fileRef = AD7622D91E3F395800DCE64F /* XapiAgentEndpoint.m */; };
		AD7623181E3F395900DCE64F /* XapiAgentManager.m in Sources */ = {isa = PBXBuildFile; fileRef = AD7622DB1E3F395800DCE64F /* XapiAgentManager.m */; };
		AD76231A1E3F395900DCE64F /* XapiDocument.m in Sources */ = {isa = PBXBuildFile; fileRef = AD7622DD1E3F395800DCE64F /* XapiDocument.m */; };
		AD76231C1E3F395900DCE64F /* XapiForwardingStatement.m in Sources */ = {isa = PBXBuildFile; fileRef = AD7622DF1E3F395800DCE64F /* XapiForwardingStatement.m */; };
		AD76231E1E3F395900DCE64F /* XapiForwardingStatementManager.m in Sources */ = {isa = PBXBuildFile; fileRef = AD7622E11E3F395800DCE64F /* XapiForwardingStatementManager.m */; };
		AD7623201E3F395900DCE64F /* XapiState.m in Sources */ = {isa = PBXBuildFile; fileRef = AD7622E31E3F395800DCE64F /* XapiState.m */; };
		AD7623221E3F395900DCE64F /* XapiStateEndpoint.m in Sources */ = {isa = PBXBuildFile; fileRef = AD7622E51E3F395800DCE64F /* XapiStateEndpoint.m */; };
		AD7623241E3F395900DCE64F /* XapiStateManager.m in Sources */ = {isa = PBXBuildFile; fileRef = AD7622E71E3F395800DCE64F /* XapiStateManager.m */; };
		AD7623261E3F395900DCE64F /* XapiStatement.m in Sources */ = {isa = PBXBuildFile; fileRef = AD7622E91E3F395800DCE64F /* XapiStatement.m */; };
		AD7623281E3F395900DCE64F /* XapiStatementManager.m in Sources */ = {isa = PBXBuildFile; fileRef = AD7622EB1E3F395800DCE64F /* XapiStatementManager.m */; };
		AD76232A1E3F395900DCE64F /* XapiStatementsEndpoint.m in Sources */ = {isa = PBXBuildFile; fileRef = AD7622ED1E3F395800DCE64F /* XapiStatementsEndpoint.m */; };
		AD76232C1E3F395900DCE64F /* XapiStatementsForwardingEndpoint.m in Sources */ = {isa = PBXBuildFile; fileRef = AD7622EF1E3F395800DCE64F /* XapiStatementsForwardingEndpoint.m */; };
		AD76232E1E3F395900DCE64F /* XapiStatementsForwardingEvent.m in Sources */ = {isa = PBXBuildFile; fileRef = AD7622F11E3F395800DCE64F /* XapiStatementsForwardingEvent.m */; };
		AD7623301E3F395900DCE64F /* XapiStatementsForwardingListener.m in Sources */ = {isa = PBXBuildFile; fileRef = AD7622F31E3F395800DCE64F /* XapiStatementsForwardingListener.m */; };
		AD7623321E3F395900DCE64F /* XapiUser.m in Sources */ = {isa = PBXBuildFile; fileRef = AD7622F51E3F395800DCE64F /* XapiUser.m */; };
		AD7623341E3F395900DCE64F /* XapiUserManager.m in Sources */ = {isa = PBXBuildFile; fileRef = AD7622F71E3F395800DCE64F /* XapiUserManager.m */; };
		AD7623361E3F395900DCE64F /* XapiVerb.m in Sources */ = {isa = PBXBuildFile; fileRef = AD7622F91E3F395800DCE64F /* XapiVerb.m */; };
		AD7623381E3F395900DCE64F /* XapiVerbEndpoint.m in Sources */ = {isa = PBXBuildFile; fileRef = AD7622FB1E3F395800DCE64F /* XapiVerbEndpoint.m */; };
		AD76233A1E3F395900DCE64F /* XapiVerbManager.m in Sources */ = {isa = PBXBuildFile; fileRef = AD7622FD1E3F395800DCE64F /* XapiVerbManager.m */; };
		AD8040431E4749F800647996 /* PersistenceManagerIOS.m in Sources */ = {isa = PBXBuildFile; fileRef = AD8040421E4749F800647996 /* PersistenceManagerIOS.m */; settings = {COMPILER_FLAGS = "-fobjc-arc"; }; };
		AD80404C1E475B5E00647996 /* XapiActivityManagerSharkORM.m in Sources */ = {isa = PBXBuildFile; fileRef = AD80404B1E475B5E00647996 /* XapiActivityManagerSharkORM.m */; settings = {COMPILER_FLAGS = "-fobjc-arc"; }; };
		AD8040531E4765E600647996 /* TestXapiActivityEndpointCore.m in Sources */ = {isa = PBXBuildFile; fileRef = AD8040501E47652800647996 /* TestXapiActivityEndpointCore.m */; };
		AD8040541E4765ED00647996 /* NanoLRSCoreTest.m in Sources */ = {isa = PBXBuildFile; fileRef = AD80404E1E47652800647996 /* NanoLRSCoreTest.m */; };
		AD8040581E476C7100647996 /* com in Resources */ = {isa = PBXBuildFile; fileRef = AD8040571E476C7100647996 /* com */; };
		AD8040591E4770AF00647996 /* com in Resources */ = {isa = PBXBuildFile; fileRef = AD8040571E476C7100647996 /* com */; };
		AD9B5C951E41ED8E00CFAF26 /* TestJsonUtil.m in Sources */ = {isa = PBXBuildFile; fileRef = AD9B5C931E41ED8900CFAF26 /* TestJsonUtil.m */; };
		ADD877591E41C94800CDD012 /* XapiActivitySrkObj.m in Sources */ = {isa = PBXBuildFile; fileRef = ADD8774A1E41C94800CDD012 /* XapiActivitySrkObj.m */; settings = {COMPILER_FLAGS = "-fobjc-arc"; }; };
		ADD8775A1E41C94800CDD012 /* XapiAgentSrkObj.m in Sources */ = {isa = PBXBuildFile; fileRef = ADD8774C1E41C94800CDD012 /* XapiAgentSrkObj.m */; settings = {COMPILER_FLAGS = "-fobjc-arc"; }; };
		ADD8775B1E41C94800CDD012 /* XapiDocumentSrkObj.m in Sources */ = {isa = PBXBuildFile; fileRef = ADD8774E1E41C94800CDD012 /* XapiDocumentSrkObj.m */; settings = {COMPILER_FLAGS = "-fobjc-arc"; }; };
		ADD8775C1E41C94800CDD012 /* XapiForwardingStatementSrkObj.m in Sources */ = {isa = PBXBuildFile; fileRef = ADD877501E41C94800CDD012 /* XapiForwardingStatementSrkObj.m */; settings = {COMPILER_FLAGS = "-fobjc-arc"; }; };
		ADD8775D1E41C94800CDD012 /* XapiStatementSrkObj.m in Sources */ = {isa = PBXBuildFile; fileRef = ADD877521E41C94800CDD012 /* XapiStatementSrkObj.m */; settings = {COMPILER_FLAGS = "-fobjc-arc"; }; };
		ADD8775E1E41C94800CDD012 /* XapiStateSrkObj.m in Sources */ = {isa = PBXBuildFile; fileRef = ADD877541E41C94800CDD012 /* XapiStateSrkObj.m */; settings = {COMPILER_FLAGS = "-fobjc-arc"; }; };
		ADD8775F1E41C94800CDD012 /* XapiUserSrkObj.m in Sources */ = {isa = PBXBuildFile; fileRef = ADD877561E41C94800CDD012 /* XapiUserSrkObj.m */; settings = {COMPILER_FLAGS = "-fobjc-arc"; }; };
		ADD877601E41C94800CDD012 /* XapiVerbSrkObj.m in Sources */ = {isa = PBXBuildFile; fileRef = ADD877581E41C94800CDD012 /* XapiVerbSrkObj.m */; settings = {COMPILER_FLAGS = "-fobjc-arc"; }; };
		ADF4B0371E4A671900891CBD /* PersistenceManagerFactoryImpl.m in Sources */ = {isa = PBXBuildFile; fileRef = ADF4B0361E4A671900891CBD /* PersistenceManagerFactoryImpl.m */; };
		ADF4B0401E4A68BA00891CBD /* XapiAgentManagerSharkORM.m in Sources */ = {isa = PBXBuildFile; fileRef = ADF4B03F1E4A68BA00891CBD /* XapiAgentManagerSharkORM.m */; };
		ADF4B0451E4A70D200891CBD /* TestXapiAgentEndpointCore.m in Sources */ = {isa = PBXBuildFile; fileRef = ADF4B0421E4A702300891CBD /* TestXapiAgentEndpointCore.m */; };
		ADF4B0461E4A70DA00891CBD /* NanoLrsPlatformTestUtil.m in Sources */ = {isa = PBXBuildFile; fileRef = ADF4B0391E4A686100891CBD /* NanoLrsPlatformTestUtil.m */; };
		ADF4B0471E4A70E100891CBD /* TestConstants.m in Sources */ = {isa = PBXBuildFile; fileRef = ADF4B03B1E4A686100891CBD /* TestConstants.m */; };
/* End PBXBuildFile section */

/* Begin PBXContainerItemProxy section */
		AD7622951E3F219900DCE64F /* PBXContainerItemProxy */ = {
			isa = PBXContainerItemProxy;
			containerPortal = AD7622731E3F219800DCE64F /* Project object */;
			proxyType = 1;
			remoteGlobalIDString = AD76227A1E3F219900DCE64F;
			remoteInfo = NanoLrsLibiOS;
		};
/* End PBXContainerItemProxy section */

/* Begin PBXFileReference section */
		603479DBBCB60927275B69C3 /* libPods-NanoLrsLibiOSTests.a */ = {isa = PBXFileReference; explicitFileType = archive.ar; includeInIndex = 0; path = "libPods-NanoLrsLibiOSTests.a"; sourceTree = BUILT_PRODUCTS_DIR; };
		87B99F47A691BDF8D394288B /* Pods-NanoLrsLibiOS.debug.xcconfig */ = {isa = PBXFileReference; includeInIndex = 1; lastKnownFileType = text.xcconfig; name = "Pods-NanoLrsLibiOS.debug.xcconfig"; path = "Pods/Target Support Files/Pods-NanoLrsLibiOS/Pods-NanoLrsLibiOS.debug.xcconfig"; sourceTree = "<group>"; };
		A8204CA6DABF4A62373BF166 /* Pods-NanoLrsLibiOS.release.xcconfig */ = {isa = PBXFileReference; includeInIndex = 1; lastKnownFileType = text.xcconfig; name = "Pods-NanoLrsLibiOS.release.xcconfig"; path = "Pods/Target Support Files/Pods-NanoLrsLibiOS/Pods-NanoLrsLibiOS.release.xcconfig"; sourceTree = "<group>"; };
		AD76227B1E3F219900DCE64F /* NanoLrsLibiOS.app */ = {isa = PBXFileReference; explicitFileType = wrapper.application; includeInIndex = 0; path = NanoLrsLibiOS.app; sourceTree = BUILT_PRODUCTS_DIR; };
		AD76227F1E3F219900DCE64F /* main.m */ = {isa = PBXFileReference; lastKnownFileType = sourcecode.c.objc; path = main.m; sourceTree = "<group>"; };
		AD7622811E3F219900DCE64F /* AppDelegate.h */ = {isa = PBXFileReference; lastKnownFileType = sourcecode.c.h; path = AppDelegate.h; sourceTree = "<group>"; };
		AD7622821E3F219900DCE64F /* AppDelegate.m */ = {isa = PBXFileReference; lastKnownFileType = sourcecode.c.objc; path = AppDelegate.m; sourceTree = "<group>"; };
		AD7622841E3F219900DCE64F /* ViewController.h */ = {isa = PBXFileReference; lastKnownFileType = sourcecode.c.h; path = ViewController.h; sourceTree = "<group>"; };
		AD7622851E3F219900DCE64F /* ViewController.m */ = {isa = PBXFileReference; lastKnownFileType = sourcecode.c.objc; path = ViewController.m; sourceTree = "<group>"; };
		AD7622881E3F219900DCE64F /* Base */ = {isa = PBXFileReference; lastKnownFileType = file.storyboard; name = Base; path = Base.lproj/Main.storyboard; sourceTree = "<group>"; };
		AD76228A1E3F219900DCE64F /* Assets.xcassets */ = {isa = PBXFileReference; lastKnownFileType = folder.assetcatalog; path = Assets.xcassets; sourceTree = "<group>"; };
		AD76228D1E3F219900DCE64F /* Base */ = {isa = PBXFileReference; lastKnownFileType = file.storyboard; name = Base; path = Base.lproj/LaunchScreen.storyboard; sourceTree = "<group>"; };
		AD76228F1E3F219900DCE64F /* Info.plist */ = {isa = PBXFileReference; lastKnownFileType = text.plist.xml; path = Info.plist; sourceTree = "<group>"; };
		AD7622941E3F219900DCE64F /* NanoLrsLibiOSTests.xctest */ = {isa = PBXFileReference; explicitFileType = wrapper.cfbundle; includeInIndex = 0; path = NanoLrsLibiOSTests.xctest; sourceTree = BUILT_PRODUCTS_DIR; };
		AD7622981E3F219900DCE64F /* NanoLrsLibiOSTests.m */ = {isa = PBXFileReference; lastKnownFileType = sourcecode.c.objc; path = NanoLrsLibiOSTests.m; sourceTree = "<group>"; };
		AD76229A1E3F219900DCE64F /* Info.plist */ = {isa = PBXFileReference; lastKnownFileType = text.plist.xml; path = Info.plist; sourceTree = "<group>"; };
		AD7622A71E3F2F1800DCE64F /* NanoHTTPD.h */ = {isa = PBXFileReference; fileEncoding = 4; lastKnownFileType = sourcecode.c.h; path = NanoHTTPD.h; sourceTree = "<group>"; };
		AD7622A81E3F2F1800DCE64F /* NanoHTTPD.m */ = {isa = PBXFileReference; fileEncoding = 4; lastKnownFileType = sourcecode.c.objc; path = NanoHTTPD.m; sourceTree = "<group>"; };
		AD7622A91E3F2F1800DCE64F /* RouterNanoHTTPD.h */ = {isa = PBXFileReference; fileEncoding = 4; lastKnownFileType = sourcecode.c.h; path = RouterNanoHTTPD.h; sourceTree = "<group>"; };
		AD7622AA1E3F2F1800DCE64F /* RouterNanoHTTPD.m */ = {isa = PBXFileReference; fileEncoding = 4; lastKnownFileType = sourcecode.c.objc; path = RouterNanoHTTPD.m; sourceTree = "<group>"; };
		AD7622AB1E3F2F1800DCE64F /* ServerRunner.h */ = {isa = PBXFileReference; fileEncoding = 4; lastKnownFileType = sourcecode.c.h; path = ServerRunner.h; sourceTree = "<group>"; };
		AD7622AC1E3F2F1800DCE64F /* ServerRunner.m */ = {isa = PBXFileReference; fileEncoding = 4; lastKnownFileType = sourcecode.c.objc; path = ServerRunner.m; sourceTree = "<group>"; };
		AD7622B41E3F2FDF00DCE64F /* Security.framework */ = {isa = PBXFileReference; lastKnownFileType = wrapper.framework; name = Security.framework; path = System/Library/Frameworks/Security.framework; sourceTree = SDKROOT; };
		AD7622B61E3F305800DCE64F /* libz.tbd */ = {isa = PBXFileReference; lastKnownFileType = "sourcecode.text-based-dylib-definition"; name = libz.tbd; path = usr/lib/libz.tbd; sourceTree = SDKROOT; };
		AD7622B91E3F387200DCE64F /* TestParseUtils.h */ = {isa = PBXFileReference; fileEncoding = 4; lastKnownFileType = sourcecode.c.h; name = TestParseUtils.h; path = "../Generated/NanoLrs-Test/TestParseUtils.h"; sourceTree = "<group>"; };
		AD7622BA1E3F387200DCE64F /* TestParseUtils.m */ = {isa = PBXFileReference; fileEncoding = 4; lastKnownFileType = sourcecode.c.objc; name = TestParseUtils.m; path = "../Generated/NanoLrs-Test/TestParseUtils.m"; sourceTree = "<group>"; };
		AD7622C01E3F395800DCE64F /* Base64CoderNanoLrs.h */ = {isa = PBXFileReference; fileEncoding = 4; lastKnownFileType = sourcecode.c.h; path = Base64CoderNanoLrs.h; sourceTree = "<group>"; };
		AD7622C11E3F395800DCE64F /* Base64CoderNanoLrs.m */ = {isa = PBXFileReference; fileEncoding = 4; lastKnownFileType = sourcecode.c.objc; path = Base64CoderNanoLrs.m; sourceTree = "<group>"; };
		AD7622C21E3F395800DCE64F /* HttpLrs.h */ = {isa = PBXFileReference; fileEncoding = 4; lastKnownFileType = sourcecode.c.h; path = HttpLrs.h; sourceTree = "<group>"; };
		AD7622C31E3F395800DCE64F /* HttpLrs.m */ = {isa = PBXFileReference; fileEncoding = 4; lastKnownFileType = sourcecode.c.objc; path = HttpLrs.m; sourceTree = "<group>"; };
		AD7622C41E3F395800DCE64F /* JsonUtil.h */ = {isa = PBXFileReference; fileEncoding = 4; lastKnownFileType = sourcecode.c.h; path = JsonUtil.h; sourceTree = "<group>"; };
		AD7622C51E3F395800DCE64F /* JsonUtil.m */ = {isa = PBXFileReference; fileEncoding = 4; lastKnownFileType = sourcecode.c.objc; path = JsonUtil.m; sourceTree = "<group>"; };
		AD7622C61E3F395800DCE64F /* LrsIoUtils.h */ = {isa = PBXFileReference; fileEncoding = 4; lastKnownFileType = sourcecode.c.h; path = LrsIoUtils.h; sourceTree = "<group>"; };
		AD7622C71E3F395800DCE64F /* LrsIoUtils.m */ = {isa = PBXFileReference; fileEncoding = 4; lastKnownFileType = sourcecode.c.objc; path = LrsIoUtils.m; sourceTree = "<group>"; };
		AD7622C81E3F395800DCE64F /* ParseUtil.h */ = {isa = PBXFileReference; fileEncoding = 4; lastKnownFileType = sourcecode.c.h; path = ParseUtil.h; sourceTree = "<group>"; };
		AD7622C91E3F395800DCE64F /* ParseUtil.m */ = {isa = PBXFileReference; fileEncoding = 4; lastKnownFileType = sourcecode.c.objc; path = ParseUtil.m; sourceTree = "<group>"; };
		AD7622CA1E3F395800DCE64F /* PersistenceManager.h */ = {isa = PBXFileReference; fileEncoding = 4; lastKnownFileType = sourcecode.c.h; path = PersistenceManager.h; sourceTree = "<group>"; };
		AD7622CB1E3F395800DCE64F /* PersistenceManager.m */ = {isa = PBXFileReference; fileEncoding = 4; lastKnownFileType = sourcecode.c.objc; path = PersistenceManager.m; sourceTree = "<group>"; };
		AD7622CC1E3F395800DCE64F /* PersistenceManagerFactory.h */ = {isa = PBXFileReference; fileEncoding = 4; lastKnownFileType = sourcecode.c.h; path = PersistenceManagerFactory.h; sourceTree = "<group>"; };
		AD7622CD1E3F395800DCE64F /* PersistenceManagerFactory.m */ = {isa = PBXFileReference; fileEncoding = 4; lastKnownFileType = sourcecode.c.objc; path = PersistenceManagerFactory.m; sourceTree = "<group>"; };
		AD7622CE1E3F395800DCE64F /* PersistenceReceiver.h */ = {isa = PBXFileReference; fileEncoding = 4; lastKnownFileType = sourcecode.c.h; path = PersistenceReceiver.h; sourceTree = "<group>"; };
		AD7622CF1E3F395800DCE64F /* PersistenceReceiver.m */ = {isa = PBXFileReference; fileEncoding = 4; lastKnownFileType = sourcecode.c.objc; path = PersistenceReceiver.m; sourceTree = "<group>"; };
		AD7622D01E3F395800DCE64F /* XapiActivity.h */ = {isa = PBXFileReference; fileEncoding = 4; lastKnownFileType = sourcecode.c.h; path = XapiActivity.h; sourceTree = "<group>"; };
		AD7622D11E3F395800DCE64F /* XapiActivity.m */ = {isa = PBXFileReference; fileEncoding = 4; lastKnownFileType = sourcecode.c.objc; path = XapiActivity.m; sourceTree = "<group>"; };
		AD7622D21E3F395800DCE64F /* XapiActivityEndpoint.h */ = {isa = PBXFileReference; fileEncoding = 4; lastKnownFileType = sourcecode.c.h; path = XapiActivityEndpoint.h; sourceTree = "<group>"; };
		AD7622D31E3F395800DCE64F /* XapiActivityEndpoint.m */ = {isa = PBXFileReference; fileEncoding = 4; lastKnownFileType = sourcecode.c.objc; path = XapiActivityEndpoint.m; sourceTree = "<group>"; };
		AD7622D41E3F395800DCE64F /* XapiActivityManager.h */ = {isa = PBXFileReference; fileEncoding = 4; lastKnownFileType = sourcecode.c.h; path = XapiActivityManager.h; sourceTree = "<group>"; };
		AD7622D51E3F395800DCE64F /* XapiActivityManager.m */ = {isa = PBXFileReference; fileEncoding = 4; lastKnownFileType = sourcecode.c.objc; path = XapiActivityManager.m; sourceTree = "<group>"; };
		AD7622D61E3F395800DCE64F /* XapiAgent.h */ = {isa = PBXFileReference; fileEncoding = 4; lastKnownFileType = sourcecode.c.h; path = XapiAgent.h; sourceTree = "<group>"; };
		AD7622D71E3F395800DCE64F /* XapiAgent.m */ = {isa = PBXFileReference; fileEncoding = 4; lastKnownFileType = sourcecode.c.objc; path = XapiAgent.m; sourceTree = "<group>"; };
		AD7622D81E3F395800DCE64F /* XapiAgentEndpoint.h */ = {isa = PBXFileReference; fileEncoding = 4; lastKnownFileType = sourcecode.c.h; path = XapiAgentEndpoint.h; sourceTree = "<group>"; };
		AD7622D91E3F395800DCE64F /* XapiAgentEndpoint.m */ = {isa = PBXFileReference; fileEncoding = 4; lastKnownFileType = sourcecode.c.objc; path = XapiAgentEndpoint.m; sourceTree = "<group>"; };
		AD7622DA1E3F395800DCE64F /* XapiAgentManager.h */ = {isa = PBXFileReference; fileEncoding = 4; lastKnownFileType = sourcecode.c.h; path = XapiAgentManager.h; sourceTree = "<group>"; };
		AD7622DB1E3F395800DCE64F /* XapiAgentManager.m */ = {isa = PBXFileReference; fileEncoding = 4; lastKnownFileType = sourcecode.c.objc; path = XapiAgentManager.m; sourceTree = "<group>"; };
		AD7622DC1E3F395800DCE64F /* XapiDocument.h */ = {isa = PBXFileReference; fileEncoding = 4; lastKnownFileType = sourcecode.c.h; path = XapiDocument.h; sourceTree = "<group>"; };
		AD7622DD1E3F395800DCE64F /* XapiDocument.m */ = {isa = PBXFileReference; fileEncoding = 4; lastKnownFileType = sourcecode.c.objc; path = XapiDocument.m; sourceTree = "<group>"; };
		AD7622DE1E3F395800DCE64F /* XapiForwardingStatement.h */ = {isa = PBXFileReference; fileEncoding = 4; lastKnownFileType = sourcecode.c.h; path = XapiForwardingStatement.h; sourceTree = "<group>"; };
		AD7622DF1E3F395800DCE64F /* XapiForwardingStatement.m */ = {isa = PBXFileReference; fileEncoding = 4; lastKnownFileType = sourcecode.c.objc; path = XapiForwardingStatement.m; sourceTree = "<group>"; };
		AD7622E01E3F395800DCE64F /* XapiForwardingStatementManager.h */ = {isa = PBXFileReference; fileEncoding = 4; lastKnownFileType = sourcecode.c.h; path = XapiForwardingStatementManager.h; sourceTree = "<group>"; };
		AD7622E11E3F395800DCE64F /* XapiForwardingStatementManager.m */ = {isa = PBXFileReference; fileEncoding = 4; lastKnownFileType = sourcecode.c.objc; path = XapiForwardingStatementManager.m; sourceTree = "<group>"; };
		AD7622E21E3F395800DCE64F /* XapiState.h */ = {isa = PBXFileReference; fileEncoding = 4; lastKnownFileType = sourcecode.c.h; path = XapiState.h; sourceTree = "<group>"; };
		AD7622E31E3F395800DCE64F /* XapiState.m */ = {isa = PBXFileReference; fileEncoding = 4; lastKnownFileType = sourcecode.c.objc; path = XapiState.m; sourceTree = "<group>"; };
		AD7622E41E3F395800DCE64F /* XapiStateEndpoint.h */ = {isa = PBXFileReference; fileEncoding = 4; lastKnownFileType = sourcecode.c.h; path = XapiStateEndpoint.h; sourceTree = "<group>"; };
		AD7622E51E3F395800DCE64F /* XapiStateEndpoint.m */ = {isa = PBXFileReference; fileEncoding = 4; lastKnownFileType = sourcecode.c.objc; path = XapiStateEndpoint.m; sourceTree = "<group>"; };
		AD7622E61E3F395800DCE64F /* XapiStateManager.h */ = {isa = PBXFileReference; fileEncoding = 4; lastKnownFileType = sourcecode.c.h; path = XapiStateManager.h; sourceTree = "<group>"; };
		AD7622E71E3F395800DCE64F /* XapiStateManager.m */ = {isa = PBXFileReference; fileEncoding = 4; lastKnownFileType = sourcecode.c.objc; path = XapiStateManager.m; sourceTree = "<group>"; };
		AD7622E81E3F395800DCE64F /* XapiStatement.h */ = {isa = PBXFileReference; fileEncoding = 4; lastKnownFileType = sourcecode.c.h; path = XapiStatement.h; sourceTree = "<group>"; };
		AD7622E91E3F395800DCE64F /* XapiStatement.m */ = {isa = PBXFileReference; fileEncoding = 4; lastKnownFileType = sourcecode.c.objc; path = XapiStatement.m; sourceTree = "<group>"; };
		AD7622EA1E3F395800DCE64F /* XapiStatementManager.h */ = {isa = PBXFileReference; fileEncoding = 4; lastKnownFileType = sourcecode.c.h; path = XapiStatementManager.h; sourceTree = "<group>"; };
		AD7622EB1E3F395800DCE64F /* XapiStatementManager.m */ = {isa = PBXFileReference; fileEncoding = 4; lastKnownFileType = sourcecode.c.objc; path = XapiStatementManager.m; sourceTree = "<group>"; };
		AD7622EC1E3F395800DCE64F /* XapiStatementsEndpoint.h */ = {isa = PBXFileReference; fileEncoding = 4; lastKnownFileType = sourcecode.c.h; path = XapiStatementsEndpoint.h; sourceTree = "<group>"; };
		AD7622ED1E3F395800DCE64F /* XapiStatementsEndpoint.m */ = {isa = PBXFileReference; fileEncoding = 4; lastKnownFileType = sourcecode.c.objc; path = XapiStatementsEndpoint.m; sourceTree = "<group>"; };
		AD7622EE1E3F395800DCE64F /* XapiStatementsForwardingEndpoint.h */ = {isa = PBXFileReference; fileEncoding = 4; lastKnownFileType = sourcecode.c.h; path = XapiStatementsForwardingEndpoint.h; sourceTree = "<group>"; };
		AD7622EF1E3F395800DCE64F /* XapiStatementsForwardingEndpoint.m */ = {isa = PBXFileReference; fileEncoding = 4; lastKnownFileType = sourcecode.c.objc; path = XapiStatementsForwardingEndpoint.m; sourceTree = "<group>"; };
		AD7622F01E3F395800DCE64F /* XapiStatementsForwardingEvent.h */ = {isa = PBXFileReference; fileEncoding = 4; lastKnownFileType = sourcecode.c.h; path = XapiStatementsForwardingEvent.h; sourceTree = "<group>"; };
		AD7622F11E3F395800DCE64F /* XapiStatementsForwardingEvent.m */ = {isa = PBXFileReference; fileEncoding = 4; lastKnownFileType = sourcecode.c.objc; path = XapiStatementsForwardingEvent.m; sourceTree = "<group>"; };
		AD7622F21E3F395800DCE64F /* XapiStatementsForwardingListener.h */ = {isa = PBXFileReference; fileEncoding = 4; lastKnownFileType = sourcecode.c.h; path = XapiStatementsForwardingListener.h; sourceTree = "<group>"; };
		AD7622F31E3F395800DCE64F /* XapiStatementsForwardingListener.m */ = {isa = PBXFileReference; fileEncoding = 4; lastKnownFileType = sourcecode.c.objc; path = XapiStatementsForwardingListener.m; sourceTree = "<group>"; };
		AD7622F41E3F395800DCE64F /* XapiUser.h */ = {isa = PBXFileReference; fileEncoding = 4; lastKnownFileType = sourcecode.c.h; path = XapiUser.h; sourceTree = "<group>"; };
		AD7622F51E3F395800DCE64F /* XapiUser.m */ = {isa = PBXFileReference; fileEncoding = 4; lastKnownFileType = sourcecode.c.objc; path = XapiUser.m; sourceTree = "<group>"; };
		AD7622F61E3F395800DCE64F /* XapiUserManager.h */ = {isa = PBXFileReference; fileEncoding = 4; lastKnownFileType = sourcecode.c.h; path = XapiUserManager.h; sourceTree = "<group>"; };
		AD7622F71E3F395800DCE64F /* XapiUserManager.m */ = {isa = PBXFileReference; fileEncoding = 4; lastKnownFileType = sourcecode.c.objc; path = XapiUserManager.m; sourceTree = "<group>"; };
		AD7622F81E3F395800DCE64F /* XapiVerb.h */ = {isa = PBXFileReference; fileEncoding = 4; lastKnownFileType = sourcecode.c.h; path = XapiVerb.h; sourceTree = "<group>"; };
		AD7622F91E3F395800DCE64F /* XapiVerb.m */ = {isa = PBXFileReference; fileEncoding = 4; lastKnownFileType = sourcecode.c.objc; path = XapiVerb.m; sourceTree = "<group>"; };
		AD7622FA1E3F395800DCE64F /* XapiVerbEndpoint.h */ = {isa = PBXFileReference; fileEncoding = 4; lastKnownFileType = sourcecode.c.h; path = XapiVerbEndpoint.h; sourceTree = "<group>"; };
		AD7622FB1E3F395800DCE64F /* XapiVerbEndpoint.m */ = {isa = PBXFileReference; fileEncoding = 4; lastKnownFileType = sourcecode.c.objc; path = XapiVerbEndpoint.m; sourceTree = "<group>"; };
		AD7622FC1E3F395800DCE64F /* XapiVerbManager.h */ = {isa = PBXFileReference; fileEncoding = 4; lastKnownFileType = sourcecode.c.h; path = XapiVerbManager.h; sourceTree = "<group>"; };
		AD7622FD1E3F395800DCE64F /* XapiVerbManager.m */ = {isa = PBXFileReference; fileEncoding = 4; lastKnownFileType = sourcecode.c.objc; path = XapiVerbManager.m; sourceTree = "<group>"; };
		AD8040411E4749F800647996 /* PersistenceManagerIOS.h */ = {isa = PBXFileReference; fileEncoding = 4; lastKnownFileType = sourcecode.c.h; name = PersistenceManagerIOS.h; path = "../NanoLrsLibiOS-Port/PersistenceManagerIOS.h"; sourceTree = "<group>"; };
		AD8040421E4749F800647996 /* PersistenceManagerIOS.m */ = {isa = PBXFileReference; fileEncoding = 4; lastKnownFileType = sourcecode.c.objc; name = PersistenceManagerIOS.m; path = "../NanoLrsLibiOS-Port/PersistenceManagerIOS.m"; sourceTree = "<group>"; };
		AD80404A1E475B5E00647996 /* XapiActivityManagerSharkORM.h */ = {isa = PBXFileReference; fileEncoding = 4; lastKnownFileType = sourcecode.c.h; name = XapiActivityManagerSharkORM.h; path = "../NanoLrsLibiOS-Port/XapiActivityManagerSharkORM.h"; sourceTree = "<group>"; };
		AD80404B1E475B5E00647996 /* XapiActivityManagerSharkORM.m */ = {isa = PBXFileReference; fileEncoding = 4; lastKnownFileType = sourcecode.c.objc; name = XapiActivityManagerSharkORM.m; path = "../NanoLrsLibiOS-Port/XapiActivityManagerSharkORM.m"; sourceTree = "<group>"; };
		AD80404D1E47652800647996 /* NanoLRSCoreTest.h */ = {isa = PBXFileReference; fileEncoding = 4; lastKnownFileType = sourcecode.c.h; name = NanoLRSCoreTest.h; path = "../Generated/NanoLrs-Test/NanoLRSCoreTest.h"; sourceTree = "<group>"; };
		AD80404E1E47652800647996 /* NanoLRSCoreTest.m */ = {isa = PBXFileReference; fileEncoding = 4; lastKnownFileType = sourcecode.c.objc; name = NanoLRSCoreTest.m; path = "../Generated/NanoLrs-Test/NanoLRSCoreTest.m"; sourceTree = "<group>"; };
		AD80404F1E47652800647996 /* TestXapiActivityEndpointCore.h */ = {isa = PBXFileReference; fileEncoding = 4; lastKnownFileType = sourcecode.c.h; name = TestXapiActivityEndpointCore.h; path = "../Generated/NanoLrs-Test/TestXapiActivityEndpointCore.h"; sourceTree = "<group>"; };
		AD8040501E47652800647996 /* TestXapiActivityEndpointCore.m */ = {isa = PBXFileReference; fileEncoding = 4; lastKnownFileType = sourcecode.c.objc; name = TestXapiActivityEndpointCore.m; path = "../Generated/NanoLrs-Test/TestXapiActivityEndpointCore.m"; sourceTree = "<group>"; };
		AD8040571E476C7100647996 /* com */ = {isa = PBXFileReference; lastKnownFileType = folder; name = com; path = "../../nanolrs-core/build/resources/test/com"; sourceTree = "<group>"; };
		AD9B5C921E41ED8900CFAF26 /* TestJsonUtil.h */ = {isa = PBXFileReference; fileEncoding = 4; lastKnownFileType = sourcecode.c.h; name = TestJsonUtil.h; path = "../Generated/NanoLrs-Test/TestJsonUtil.h"; sourceTree = "<group>"; };
		AD9B5C931E41ED8900CFAF26 /* TestJsonUtil.m */ = {isa = PBXFileReference; fileEncoding = 4; lastKnownFileType = sourcecode.c.objc; name = TestJsonUtil.m; path = "../Generated/NanoLrs-Test/TestJsonUtil.m"; sourceTree = "<group>"; };
		ADD877491E41C94800CDD012 /* XapiActivitySrkObj.h */ = {isa = PBXFileReference; fileEncoding = 4; lastKnownFileType = sourcecode.c.h; path = XapiActivitySrkObj.h; sourceTree = "<group>"; };
		ADD8774A1E41C94800CDD012 /* XapiActivitySrkObj.m */ = {isa = PBXFileReference; fileEncoding = 4; lastKnownFileType = sourcecode.c.objc; path = XapiActivitySrkObj.m; sourceTree = "<group>"; };
		ADD8774B1E41C94800CDD012 /* XapiAgentSrkObj.h */ = {isa = PBXFileReference; fileEncoding = 4; lastKnownFileType = sourcecode.c.h; path = XapiAgentSrkObj.h; sourceTree = "<group>"; };
		ADD8774C1E41C94800CDD012 /* XapiAgentSrkObj.m */ = {isa = PBXFileReference; fileEncoding = 4; lastKnownFileType = sourcecode.c.objc; path = XapiAgentSrkObj.m; sourceTree = "<group>"; };
		ADD8774D1E41C94800CDD012 /* XapiDocumentSrkObj.h */ = {isa = PBXFileReference; fileEncoding = 4; lastKnownFileType = sourcecode.c.h; path = XapiDocumentSrkObj.h; sourceTree = "<group>"; };
		ADD8774E1E41C94800CDD012 /* XapiDocumentSrkObj.m */ = {isa = PBXFileReference; fileEncoding = 4; lastKnownFileType = sourcecode.c.objc; path = XapiDocumentSrkObj.m; sourceTree = "<group>"; };
		ADD8774F1E41C94800CDD012 /* XapiForwardingStatementSrkObj.h */ = {isa = PBXFileReference; fileEncoding = 4; lastKnownFileType = sourcecode.c.h; path = XapiForwardingStatementSrkObj.h; sourceTree = "<group>"; };
		ADD877501E41C94800CDD012 /* XapiForwardingStatementSrkObj.m */ = {isa = PBXFileReference; fileEncoding = 4; lastKnownFileType = sourcecode.c.objc; path = XapiForwardingStatementSrkObj.m; sourceTree = "<group>"; };
		ADD877511E41C94800CDD012 /* XapiStatementSrkObj.h */ = {isa = PBXFileReference; fileEncoding = 4; lastKnownFileType = sourcecode.c.h; path = XapiStatementSrkObj.h; sourceTree = "<group>"; };
		ADD877521E41C94800CDD012 /* XapiStatementSrkObj.m */ = {isa = PBXFileReference; fileEncoding = 4; lastKnownFileType = sourcecode.c.objc; path = XapiStatementSrkObj.m; sourceTree = "<group>"; };
		ADD877531E41C94800CDD012 /* XapiStateSrkObj.h */ = {isa = PBXFileReference; fileEncoding = 4; lastKnownFileType = sourcecode.c.h; path = XapiStateSrkObj.h; sourceTree = "<group>"; };
		ADD877541E41C94800CDD012 /* XapiStateSrkObj.m */ = {isa = PBXFileReference; fileEncoding = 4; lastKnownFileType = sourcecode.c.objc; path = XapiStateSrkObj.m; sourceTree = "<group>"; };
		ADD877551E41C94800CDD012 /* XapiUserSrkObj.h */ = {isa = PBXFileReference; fileEncoding = 4; lastKnownFileType = sourcecode.c.h; path = XapiUserSrkObj.h; sourceTree = "<group>"; };
		ADD877561E41C94800CDD012 /* XapiUserSrkObj.m */ = {isa = PBXFileReference; fileEncoding = 4; lastKnownFileType = sourcecode.c.objc; path = XapiUserSrkObj.m; sourceTree = "<group>"; };
		ADD877571E41C94800CDD012 /* XapiVerbSrkObj.h */ = {isa = PBXFileReference; fileEncoding = 4; lastKnownFileType = sourcecode.c.h; path = XapiVerbSrkObj.h; sourceTree = "<group>"; };
		ADD877581E41C94800CDD012 /* XapiVerbSrkObj.m */ = {isa = PBXFileReference; fileEncoding = 4; lastKnownFileType = sourcecode.c.objc; path = XapiVerbSrkObj.m; sourceTree = "<group>"; };
		ADF4B0351E4A671900891CBD /* PersistenceManagerFactoryImpl.h */ = {isa = PBXFileReference; fileEncoding = 4; lastKnownFileType = sourcecode.c.h; path = PersistenceManagerFactoryImpl.h; sourceTree = "<group>"; };
		ADF4B0361E4A671900891CBD /* PersistenceManagerFactoryImpl.m */ = {isa = PBXFileReference; fileEncoding = 4; lastKnownFileType = sourcecode.c.objc; path = PersistenceManagerFactoryImpl.m; sourceTree = "<group>"; };
		ADF4B0381E4A686100891CBD /* NanoLrsPlatformTestUtil.h */ = {isa = PBXFileReference; fileEncoding = 4; lastKnownFileType = sourcecode.c.h; name = NanoLrsPlatformTestUtil.h; path = "../Generated/NanoLrs-Test/NanoLrsPlatformTestUtil.h"; sourceTree = "<group>"; };
		ADF4B0391E4A686100891CBD /* NanoLrsPlatformTestUtil.m */ = {isa = PBXFileReference; fileEncoding = 4; lastKnownFileType = sourcecode.c.objc; name = NanoLrsPlatformTestUtil.m; path = "../Generated/NanoLrs-Test/NanoLrsPlatformTestUtil.m"; sourceTree = "<group>"; };
		ADF4B03A1E4A686100891CBD /* TestConstants.h */ = {isa = PBXFileReference; fileEncoding = 4; lastKnownFileType = sourcecode.c.h; name = TestConstants.h; path = "../Generated/NanoLrs-Test/TestConstants.h"; sourceTree = "<group>"; };
		ADF4B03B1E4A686100891CBD /* TestConstants.m */ = {isa = PBXFileReference; fileEncoding = 4; lastKnownFileType = sourcecode.c.objc; name = TestConstants.m; path = "../Generated/NanoLrs-Test/TestConstants.m"; sourceTree = "<group>"; };
		ADF4B03E1E4A68BA00891CBD /* XapiAgentManagerSharkORM.h */ = {isa = PBXFileReference; fileEncoding = 4; lastKnownFileType = sourcecode.c.h; name = XapiAgentManagerSharkORM.h; path = "../NanoLrsLibiOS-Port/XapiAgentManagerSharkORM.h"; sourceTree = "<group>"; };
		ADF4B03F1E4A68BA00891CBD /* XapiAgentManagerSharkORM.m */ = {isa = PBXFileReference; fileEncoding = 4; lastKnownFileType = sourcecode.c.objc; name = XapiAgentManagerSharkORM.m; path = "../NanoLrsLibiOS-Port/XapiAgentManagerSharkORM.m"; sourceTree = "<group>"; };
		ADF4B0411E4A702300891CBD /* TestXapiAgentEndpointCore.h */ = {isa = PBXFileReference; fileEncoding = 4; lastKnownFileType = sourcecode.c.h; name = TestXapiAgentEndpointCore.h; path = "../Generated/NanoLrs-Test/TestXapiAgentEndpointCore.h"; sourceTree = "<group>"; };
		ADF4B0421E4A702300891CBD /* TestXapiAgentEndpointCore.m */ = {isa = PBXFileReference; fileEncoding = 4; lastKnownFileType = sourcecode.c.objc; name = TestXapiAgentEndpointCore.m; path = "../Generated/NanoLrs-Test/TestXapiAgentEndpointCore.m"; sourceTree = "<group>"; };
		B1965922F354019FD64FAC4B /* Pods-NanoLrsLibiOSTests.release.xcconfig */ = {isa = PBXFileReference; includeInIndex = 1; lastKnownFileType = text.xcconfig; name = "Pods-NanoLrsLibiOSTests.release.xcconfig"; path = "Pods/Target Support Files/Pods-NanoLrsLibiOSTests/Pods-NanoLrsLibiOSTests.release.xcconfig"; sourceTree = "<group>"; };
		C46CEB4942527533DC0CA566 /* Pods-NanoLrsLibiOSTests.debug.xcconfig */ = {isa = PBXFileReference; includeInIndex = 1; lastKnownFileType = text.xcconfig; name = "Pods-NanoLrsLibiOSTests.debug.xcconfig"; path = "Pods/Target Support Files/Pods-NanoLrsLibiOSTests/Pods-NanoLrsLibiOSTests.debug.xcconfig"; sourceTree = "<group>"; };
		F1CD5FC946E0E7BEA7AB7D92 /* libPods-NanoLrsLibiOS.a */ = {isa = PBXFileReference; explicitFileType = archive.ar; includeInIndex = 0; path = "libPods-NanoLrsLibiOS.a"; sourceTree = BUILT_PRODUCTS_DIR; };
/* End PBXFileReference section */

/* Begin PBXFrameworksBuildPhase section */
		AD7622781E3F219900DCE64F /* Frameworks */ = {
			isa = PBXFrameworksBuildPhase;
			buildActionMask = 2147483647;
			files = (
				AD7622B71E3F305800DCE64F /* libz.tbd in Frameworks */,
				AD7622B51E3F2FDF00DCE64F /* Security.framework in Frameworks */,
				244D2D6C89AB3FF1546F871C /* libPods-NanoLrsLibiOS.a in Frameworks */,
			);
			runOnlyForDeploymentPostprocessing = 0;
		};
		AD7622911E3F219900DCE64F /* Frameworks */ = {
			isa = PBXFrameworksBuildPhase;
			buildActionMask = 2147483647;
			files = (
				AD7622BE1E3F391E00DCE64F /* libz.tbd in Frameworks */,
				AD7622BD1E3F391400DCE64F /* Security.framework in Frameworks */,
				04F79DD7C617385685D27E50 /* libPods-NanoLrsLibiOSTests.a in Frameworks */,
			);
			runOnlyForDeploymentPostprocessing = 0;
		};
/* End PBXFrameworksBuildPhase section */

/* Begin PBXGroup section */
		919DA2EBD1CB2963D66DC503 /* Pods */ = {
			isa = PBXGroup;
			children = (
				87B99F47A691BDF8D394288B /* Pods-NanoLrsLibiOS.debug.xcconfig */,
				A8204CA6DABF4A62373BF166 /* Pods-NanoLrsLibiOS.release.xcconfig */,
				C46CEB4942527533DC0CA566 /* Pods-NanoLrsLibiOSTests.debug.xcconfig */,
				B1965922F354019FD64FAC4B /* Pods-NanoLrsLibiOSTests.release.xcconfig */,
			);
			name = Pods;
			sourceTree = "<group>";
		};
		AD7622721E3F219800DCE64F = {
			isa = PBXGroup;
			children = (
				AD8040571E476C7100647996 /* com */,
				AD8040401E47494A00647996 /* NanoLrsLibiOS-Port */,
				ADD877481E41C94800CDD012 /* NanoLrs-Entities */,
				AD7622BF1E3F395800DCE64F /* NanoLrs-Main */,
				AD7622B81E3F384C00DCE64F /* NanoLrs-Tests */,
				AD7622A61E3F2F1800DCE64F /* NanoHttpd */,
				AD76227D1E3F219900DCE64F /* NanoLrsLibiOS */,
				AD7622971E3F219900DCE64F /* NanoLrsLibiOSTests */,
				AD76227C1E3F219900DCE64F /* Products */,
				AD7622B31E3F2FDF00DCE64F /* Frameworks */,
				919DA2EBD1CB2963D66DC503 /* Pods */,
			);
			sourceTree = "<group>";
		};
		AD76227C1E3F219900DCE64F /* Products */ = {
			isa = PBXGroup;
			children = (
				AD76227B1E3F219900DCE64F /* NanoLrsLibiOS.app */,
				AD7622941E3F219900DCE64F /* NanoLrsLibiOSTests.xctest */,
			);
			name = Products;
			sourceTree = "<group>";
		};
		AD76227D1E3F219900DCE64F /* NanoLrsLibiOS */ = {
			isa = PBXGroup;
			children = (
				AD7622811E3F219900DCE64F /* AppDelegate.h */,
				AD7622821E3F219900DCE64F /* AppDelegate.m */,
				AD7622841E3F219900DCE64F /* ViewController.h */,
				AD7622851E3F219900DCE64F /* ViewController.m */,
				AD7622871E3F219900DCE64F /* Main.storyboard */,
				AD76228A1E3F219900DCE64F /* Assets.xcassets */,
				AD76228C1E3F219900DCE64F /* LaunchScreen.storyboard */,
				AD76228F1E3F219900DCE64F /* Info.plist */,
				AD76227E1E3F219900DCE64F /* Supporting Files */,
			);
			path = NanoLrsLibiOS;
			sourceTree = "<group>";
		};
		AD76227E1E3F219900DCE64F /* Supporting Files */ = {
			isa = PBXGroup;
			children = (
				AD76227F1E3F219900DCE64F /* main.m */,
			);
			name = "Supporting Files";
			sourceTree = "<group>";
		};
		AD7622971E3F219900DCE64F /* NanoLrsLibiOSTests */ = {
			isa = PBXGroup;
			children = (
				AD7622981E3F219900DCE64F /* NanoLrsLibiOSTests.m */,
				AD76229A1E3F219900DCE64F /* Info.plist */,
			);
			path = NanoLrsLibiOSTests;
			sourceTree = "<group>";
		};
		AD7622A61E3F2F1800DCE64F /* NanoHttpd */ = {
			isa = PBXGroup;
			children = (
				AD7622A71E3F2F1800DCE64F /* NanoHTTPD.h */,
				AD7622A81E3F2F1800DCE64F /* NanoHTTPD.m */,
				AD7622A91E3F2F1800DCE64F /* RouterNanoHTTPD.h */,
				AD7622AA1E3F2F1800DCE64F /* RouterNanoHTTPD.m */,
				AD7622AB1E3F2F1800DCE64F /* ServerRunner.h */,
				AD7622AC1E3F2F1800DCE64F /* ServerRunner.m */,
			);
			name = NanoHttpd;
			path = ../Generated/NanoHttpd;
			sourceTree = "<group>";
		};
		AD7622B31E3F2FDF00DCE64F /* Frameworks */ = {
			isa = PBXGroup;
			children = (
				AD7622B61E3F305800DCE64F /* libz.tbd */,
				AD7622B41E3F2FDF00DCE64F /* Security.framework */,
				F1CD5FC946E0E7BEA7AB7D92 /* libPods-NanoLrsLibiOS.a */,
				603479DBBCB60927275B69C3 /* libPods-NanoLrsLibiOSTests.a */,
			);
			name = Frameworks;
			sourceTree = "<group>";
		};
		AD7622B81E3F384C00DCE64F /* NanoLrs-Tests */ = {
			isa = PBXGroup;
			children = (
				ADF4B0411E4A702300891CBD /* TestXapiAgentEndpointCore.h */,
				ADF4B0421E4A702300891CBD /* TestXapiAgentEndpointCore.m */,
				ADF4B0381E4A686100891CBD /* NanoLrsPlatformTestUtil.h */,
				ADF4B0391E4A686100891CBD /* NanoLrsPlatformTestUtil.m */,
				ADF4B03A1E4A686100891CBD /* TestConstants.h */,
				ADF4B03B1E4A686100891CBD /* TestConstants.m */,
				AD80404D1E47652800647996 /* NanoLRSCoreTest.h */,
				AD80404E1E47652800647996 /* NanoLRSCoreTest.m */,
				AD80404F1E47652800647996 /* TestXapiActivityEndpointCore.h */,
				AD8040501E47652800647996 /* TestXapiActivityEndpointCore.m */,
				AD9B5C921E41ED8900CFAF26 /* TestJsonUtil.h */,
				AD9B5C931E41ED8900CFAF26 /* TestJsonUtil.m */,
				AD7622B91E3F387200DCE64F /* TestParseUtils.h */,
				AD7622BA1E3F387200DCE64F /* TestParseUtils.m */,
			);
			name = "NanoLrs-Tests";
			sourceTree = "<group>";
		};
		AD7622BF1E3F395800DCE64F /* NanoLrs-Main */ = {
			isa = PBXGroup;
			children = (
				ADF4B0351E4A671900891CBD /* PersistenceManagerFactoryImpl.h */,
				ADF4B0361E4A671900891CBD /* PersistenceManagerFactoryImpl.m */,
				AD7622C01E3F395800DCE64F /* Base64CoderNanoLrs.h */,
				AD7622C11E3F395800DCE64F /* Base64CoderNanoLrs.m */,
				AD7622C21E3F395800DCE64F /* HttpLrs.h */,
				AD7622C31E3F395800DCE64F /* HttpLrs.m */,
				AD7622C41E3F395800DCE64F /* JsonUtil.h */,
				AD7622C51E3F395800DCE64F /* JsonUtil.m */,
				AD7622C61E3F395800DCE64F /* LrsIoUtils.h */,
				AD7622C71E3F395800DCE64F /* LrsIoUtils.m */,
				AD7622C81E3F395800DCE64F /* ParseUtil.h */,
				AD7622C91E3F395800DCE64F /* ParseUtil.m */,
				AD7622CA1E3F395800DCE64F /* PersistenceManager.h */,
				AD7622CB1E3F395800DCE64F /* PersistenceManager.m */,
				AD7622CC1E3F395800DCE64F /* PersistenceManagerFactory.h */,
				AD7622CD1E3F395800DCE64F /* PersistenceManagerFactory.m */,
				AD7622CE1E3F395800DCE64F /* PersistenceReceiver.h */,
				AD7622CF1E3F395800DCE64F /* PersistenceReceiver.m */,
				AD7622D01E3F395800DCE64F /* XapiActivity.h */,
				AD7622D11E3F395800DCE64F /* XapiActivity.m */,
				AD7622D21E3F395800DCE64F /* XapiActivityEndpoint.h */,
				AD7622D31E3F395800DCE64F /* XapiActivityEndpoint.m */,
				AD7622D41E3F395800DCE64F /* XapiActivityManager.h */,
				AD7622D51E3F395800DCE64F /* XapiActivityManager.m */,
				AD7622D61E3F395800DCE64F /* XapiAgent.h */,
				AD7622D71E3F395800DCE64F /* XapiAgent.m */,
				AD7622D81E3F395800DCE64F /* XapiAgentEndpoint.h */,
				AD7622D91E3F395800DCE64F /* XapiAgentEndpoint.m */,
				AD7622DA1E3F395800DCE64F /* XapiAgentManager.h */,
				AD7622DB1E3F395800DCE64F /* XapiAgentManager.m */,
				AD7622DC1E3F395800DCE64F /* XapiDocument.h */,
				AD7622DD1E3F395800DCE64F /* XapiDocument.m */,
				AD7622DE1E3F395800DCE64F /* XapiForwardingStatement.h */,
				AD7622DF1E3F395800DCE64F /* XapiForwardingStatement.m */,
				AD7622E01E3F395800DCE64F /* XapiForwardingStatementManager.h */,
				AD7622E11E3F395800DCE64F /* XapiForwardingStatementManager.m */,
				AD7622E21E3F395800DCE64F /* XapiState.h */,
				AD7622E31E3F395800DCE64F /* XapiState.m */,
				AD7622E41E3F395800DCE64F /* XapiStateEndpoint.h */,
				AD7622E51E3F395800DCE64F /* XapiStateEndpoint.m */,
				AD7622E61E3F395800DCE64F /* XapiStateManager.h */,
				AD7622E71E3F395800DCE64F /* XapiStateManager.m */,
				AD7622E81E3F395800DCE64F /* XapiStatement.h */,
				AD7622E91E3F395800DCE64F /* XapiStatement.m */,
				AD7622EA1E3F395800DCE64F /* XapiStatementManager.h */,
				AD7622EB1E3F395800DCE64F /* XapiStatementManager.m */,
				AD7622EC1E3F395800DCE64F /* XapiStatementsEndpoint.h */,
				AD7622ED1E3F395800DCE64F /* XapiStatementsEndpoint.m */,
				AD7622EE1E3F395800DCE64F /* XapiStatementsForwardingEndpoint.h */,
				AD7622EF1E3F395800DCE64F /* XapiStatementsForwardingEndpoint.m */,
				AD7622F01E3F395800DCE64F /* XapiStatementsForwardingEvent.h */,
				AD7622F11E3F395800DCE64F /* XapiStatementsForwardingEvent.m */,
				AD7622F21E3F395800DCE64F /* XapiStatementsForwardingListener.h */,
				AD7622F31E3F395800DCE64F /* XapiStatementsForwardingListener.m */,
				AD7622F41E3F395800DCE64F /* XapiUser.h */,
				AD7622F51E3F395800DCE64F /* XapiUser.m */,
				AD7622F61E3F395800DCE64F /* XapiUserManager.h */,
				AD7622F71E3F395800DCE64F /* XapiUserManager.m */,
				AD7622F81E3F395800DCE64F /* XapiVerb.h */,
				AD7622F91E3F395800DCE64F /* XapiVerb.m */,
				AD7622FA1E3F395800DCE64F /* XapiVerbEndpoint.h */,
				AD7622FB1E3F395800DCE64F /* XapiVerbEndpoint.m */,
				AD7622FC1E3F395800DCE64F /* XapiVerbManager.h */,
				AD7622FD1E3F395800DCE64F /* XapiVerbManager.m */,
			);
			name = "NanoLrs-Main";
			path = "../Generated/NanoLrs-Main";
			sourceTree = "<group>";
		};
		AD8040401E47494A00647996 /* NanoLrsLibiOS-Port */ = {
			isa = PBXGroup;
			children = (
				AD8040411E4749F800647996 /* PersistenceManagerIOS.h */,
				AD8040421E4749F800647996 /* PersistenceManagerIOS.m */,
				AD80404A1E475B5E00647996 /* XapiActivityManagerSharkORM.h */,
				AD80404B1E475B5E00647996 /* XapiActivityManagerSharkORM.m */,
				ADF4B03E1E4A68BA00891CBD /* XapiAgentManagerSharkORM.h */,
				ADF4B03F1E4A68BA00891CBD /* XapiAgentManagerSharkORM.m */,
			);
			name = "NanoLrsLibiOS-Port";
			sourceTree = "<group>";
		};
		ADD877481E41C94800CDD012 /* NanoLrs-Entities */ = {
			isa = PBXGroup;
			children = (
				ADD877491E41C94800CDD012 /* XapiActivitySrkObj.h */,
				ADD8774A1E41C94800CDD012 /* XapiActivitySrkObj.m */,
				ADD8774B1E41C94800CDD012 /* XapiAgentSrkObj.h */,
				ADD8774C1E41C94800CDD012 /* XapiAgentSrkObj.m */,
				ADD8774D1E41C94800CDD012 /* XapiDocumentSrkObj.h */,
				ADD8774E1E41C94800CDD012 /* XapiDocumentSrkObj.m */,
				ADD8774F1E41C94800CDD012 /* XapiForwardingStatementSrkObj.h */,
				ADD877501E41C94800CDD012 /* XapiForwardingStatementSrkObj.m */,
				ADD877511E41C94800CDD012 /* XapiStatementSrkObj.h */,
				ADD877521E41C94800CDD012 /* XapiStatementSrkObj.m */,
				ADD877531E41C94800CDD012 /* XapiStateSrkObj.h */,
				ADD877541E41C94800CDD012 /* XapiStateSrkObj.m */,
				ADD877551E41C94800CDD012 /* XapiUserSrkObj.h */,
				ADD877561E41C94800CDD012 /* XapiUserSrkObj.m */,
				ADD877571E41C94800CDD012 /* XapiVerbSrkObj.h */,
				ADD877581E41C94800CDD012 /* XapiVerbSrkObj.m */,
			);
			name = "NanoLrs-Entities";
			path = "../Generated/NanoLrs-Entities";
			sourceTree = "<group>";
		};
/* End PBXGroup section */

/* Begin PBXNativeTarget section */
		AD76227A1E3F219900DCE64F /* NanoLrsLibiOS */ = {
			isa = PBXNativeTarget;
			buildConfigurationList = AD76229D1E3F219900DCE64F /* Build configuration list for PBXNativeTarget "NanoLrsLibiOS" */;
			buildPhases = (
				3F753CE92EF61610A5DDC330 /* [CP] Check Pods Manifest.lock */,
				AD7622771E3F219900DCE64F /* Sources */,
				AD7622781E3F219900DCE64F /* Frameworks */,
				AD7622791E3F219900DCE64F /* Resources */,
				633499725E364E2E55271F97 /* [CP] Embed Pods Frameworks */,
				FD240196F3B0731AE26A445B /* [CP] Copy Pods Resources */,
			);
			buildRules = (
			);
			dependencies = (
			);
			name = NanoLrsLibiOS;
			productName = NanoLrsLibiOS;
			productReference = AD76227B1E3F219900DCE64F /* NanoLrsLibiOS.app */;
			productType = "com.apple.product-type.application";
		};
		AD7622931E3F219900DCE64F /* NanoLrsLibiOSTests */ = {
			isa = PBXNativeTarget;
			buildConfigurationList = AD7622A01E3F219900DCE64F /* Build configuration list for PBXNativeTarget "NanoLrsLibiOSTests" */;
			buildPhases = (
				47617B3B247E0CC9AB29B3A8 /* [CP] Check Pods Manifest.lock */,
				AD7622901E3F219900DCE64F /* Sources */,
				AD7622911E3F219900DCE64F /* Frameworks */,
				AD7622921E3F219900DCE64F /* Resources */,
				E8EADA19B21C61BC5C9897C2 /* [CP] Embed Pods Frameworks */,
				EA09B230B05D34F2D23EED1E /* [CP] Copy Pods Resources */,
			);
			buildRules = (
			);
			dependencies = (
				AD7622961E3F219900DCE64F /* PBXTargetDependency */,
			);
			name = NanoLrsLibiOSTests;
			productName = NanoLrsLibiOSTests;
			productReference = AD7622941E3F219900DCE64F /* NanoLrsLibiOSTests.xctest */;
			productType = "com.apple.product-type.bundle.unit-test";
		};
/* End PBXNativeTarget section */

/* Begin PBXProject section */
		AD7622731E3F219800DCE64F /* Project object */ = {
			isa = PBXProject;
			attributes = {
				LastUpgradeCheck = 0820;
				ORGANIZATIONNAME = "UstadMobile FZ-LLC";
				TargetAttributes = {
					AD76227A1E3F219900DCE64F = {
						CreatedOnToolsVersion = 8.2.1;
						ProvisioningStyle = Automatic;
					};
					AD7622931E3F219900DCE64F = {
						CreatedOnToolsVersion = 8.2.1;
						ProvisioningStyle = Automatic;
						TestTargetID = AD76227A1E3F219900DCE64F;
					};
				};
			};
			buildConfigurationList = AD7622761E3F219800DCE64F /* Build configuration list for PBXProject "NanoLrsLibiOS" */;
			compatibilityVersion = "Xcode 3.2";
			developmentRegion = English;
			hasScannedForEncodings = 0;
			knownRegions = (
				en,
				Base,
			);
			mainGroup = AD7622721E3F219800DCE64F;
			productRefGroup = AD76227C1E3F219900DCE64F /* Products */;
			projectDirPath = "";
			projectRoot = "";
			targets = (
				AD76227A1E3F219900DCE64F /* NanoLrsLibiOS */,
				AD7622931E3F219900DCE64F /* NanoLrsLibiOSTests */,
			);
		};
/* End PBXProject section */

/* Begin PBXResourcesBuildPhase section */
		AD7622791E3F219900DCE64F /* Resources */ = {
			isa = PBXResourcesBuildPhase;
			buildActionMask = 2147483647;
			files = (
				AD76228E1E3F219900DCE64F /* LaunchScreen.storyboard in Resources */,
				AD76228B1E3F219900DCE64F /* Assets.xcassets in Resources */,
				AD8040591E4770AF00647996 /* com in Resources */,
				AD7622891E3F219900DCE64F /* Main.storyboard in Resources */,
			);
			runOnlyForDeploymentPostprocessing = 0;
		};
		AD7622921E3F219900DCE64F /* Resources */ = {
			isa = PBXResourcesBuildPhase;
			buildActionMask = 2147483647;
			files = (
				AD8040581E476C7100647996 /* com in Resources */,
			);
			runOnlyForDeploymentPostprocessing = 0;
		};
/* End PBXResourcesBuildPhase section */

/* Begin PBXShellScriptBuildPhase section */
		3F753CE92EF61610A5DDC330 /* [CP] Check Pods Manifest.lock */ = {
			isa = PBXShellScriptBuildPhase;
			buildActionMask = 2147483647;
			files = (
			);
			inputPaths = (
			);
			name = "[CP] Check Pods Manifest.lock";
			outputPaths = (
			);
			runOnlyForDeploymentPostprocessing = 0;
			shellPath = /bin/sh;
			shellScript = "diff \"${PODS_ROOT}/../Podfile.lock\" \"${PODS_ROOT}/Manifest.lock\" > /dev/null\nif [ $? != 0 ] ; then\n    # print error to STDERR\n    echo \"error: The sandbox is not in sync with the Podfile.lock. Run 'pod install' or update your CocoaPods installation.\" >&2\n    exit 1\nfi\n";
			showEnvVarsInLog = 0;
		};
		47617B3B247E0CC9AB29B3A8 /* [CP] Check Pods Manifest.lock */ = {
			isa = PBXShellScriptBuildPhase;
			buildActionMask = 2147483647;
			files = (
			);
			inputPaths = (
			);
			name = "[CP] Check Pods Manifest.lock";
			outputPaths = (
			);
			runOnlyForDeploymentPostprocessing = 0;
			shellPath = /bin/sh;
			shellScript = "diff \"${PODS_ROOT}/../Podfile.lock\" \"${PODS_ROOT}/Manifest.lock\" > /dev/null\nif [ $? != 0 ] ; then\n    # print error to STDERR\n    echo \"error: The sandbox is not in sync with the Podfile.lock. Run 'pod install' or update your CocoaPods installation.\" >&2\n    exit 1\nfi\n";
			showEnvVarsInLog = 0;
		};
		633499725E364E2E55271F97 /* [CP] Embed Pods Frameworks */ = {
			isa = PBXShellScriptBuildPhase;
			buildActionMask = 2147483647;
			files = (
			);
			inputPaths = (
			);
			name = "[CP] Embed Pods Frameworks";
			outputPaths = (
			);
			runOnlyForDeploymentPostprocessing = 0;
			shellPath = /bin/sh;
			shellScript = "\"${SRCROOT}/Pods/Target Support Files/Pods-NanoLrsLibiOS/Pods-NanoLrsLibiOS-frameworks.sh\"\n";
			showEnvVarsInLog = 0;
		};
		E8EADA19B21C61BC5C9897C2 /* [CP] Embed Pods Frameworks */ = {
			isa = PBXShellScriptBuildPhase;
			buildActionMask = 2147483647;
			files = (
			);
			inputPaths = (
			);
			name = "[CP] Embed Pods Frameworks";
			outputPaths = (
			);
			runOnlyForDeploymentPostprocessing = 0;
			shellPath = /bin/sh;
			shellScript = "\"${SRCROOT}/Pods/Target Support Files/Pods-NanoLrsLibiOSTests/Pods-NanoLrsLibiOSTests-frameworks.sh\"\n";
			showEnvVarsInLog = 0;
		};
		EA09B230B05D34F2D23EED1E /* [CP] Copy Pods Resources */ = {
			isa = PBXShellScriptBuildPhase;
			buildActionMask = 2147483647;
			files = (
			);
			inputPaths = (
			);
			name = "[CP] Copy Pods Resources";
			outputPaths = (
			);
			runOnlyForDeploymentPostprocessing = 0;
			shellPath = /bin/sh;
			shellScript = "\"${SRCROOT}/Pods/Target Support Files/Pods-NanoLrsLibiOSTests/Pods-NanoLrsLibiOSTests-resources.sh\"\n";
			showEnvVarsInLog = 0;
		};
		FD240196F3B0731AE26A445B /* [CP] Copy Pods Resources */ = {
			isa = PBXShellScriptBuildPhase;
			buildActionMask = 2147483647;
			files = (
			);
			inputPaths = (
			);
			name = "[CP] Copy Pods Resources";
			outputPaths = (
			);
			runOnlyForDeploymentPostprocessing = 0;
			shellPath = /bin/sh;
			shellScript = "\"${SRCROOT}/Pods/Target Support Files/Pods-NanoLrsLibiOS/Pods-NanoLrsLibiOS-resources.sh\"\n";
			showEnvVarsInLog = 0;
		};
/* End PBXShellScriptBuildPhase section */

/* Begin PBXSourcesBuildPhase section */
		AD7622771E3F219900DCE64F /* Sources */ = {
			isa = PBXSourcesBuildPhase;
			buildActionMask = 2147483647;
			files = (
				AD7623241E3F395900DCE64F /* XapiStateManager.m in Sources */,
				AD76232C1E3F395900DCE64F /* XapiStatementsForwardingEndpoint.m in Sources */,
				AD7622861E3F219900DCE64F /* ViewController.m in Sources */,
				AD80404C1E475B5E00647996 /* XapiActivityManagerSharkORM.m in Sources */,
				AD8040431E4749F800647996 /* PersistenceManagerIOS.m in Sources */,
				AD7623141E3F395900DCE64F /* XapiAgent.m in Sources */,
				ADD8775D1E41C94800CDD012 /* XapiStatementSrkObj.m in Sources */,
				AD7623321E3F395900DCE64F /* XapiUser.m in Sources */,
				ADD8775A1E41C94800CDD012 /* XapiAgentSrkObj.m in Sources */,
				ADD8775C1E41C94800CDD012 /* XapiForwardingStatementSrkObj.m in Sources */,
				ADF4B0371E4A671900891CBD /* PersistenceManagerFactoryImpl.m in Sources */,
				AD76231C1E3F395900DCE64F /* XapiForwardingStatement.m in Sources */,
				AD7623101E3F395900DCE64F /* XapiActivityEndpoint.m in Sources */,
				AD7623021E3F395800DCE64F /* JsonUtil.m in Sources */,
				ADD8775E1E41C94800CDD012 /* XapiStateSrkObj.m in Sources */,
				AD7622831E3F219900DCE64F /* AppDelegate.m in Sources */,
				AD7623221E3F395900DCE64F /* XapiStateEndpoint.m in Sources */,
				AD76232E1E3F395900DCE64F /* XapiStatementsForwardingEvent.m in Sources */,
				AD7622B11E3F2F1800DCE64F /* ServerRunner.m in Sources */,
				AD7623201E3F395900DCE64F /* XapiState.m in Sources */,
				AD7623121E3F395900DCE64F /* XapiActivityManager.m in Sources */,
				AD7623161E3F395900DCE64F /* XapiAgentEndpoint.m in Sources */,
				ADD877601E41C94800CDD012 /* XapiVerbSrkObj.m in Sources */,
				ADF4B0401E4A68BA00891CBD /* XapiAgentManagerSharkORM.m in Sources */,
				AD76233A1E3F395900DCE64F /* XapiVerbManager.m in Sources */,
				AD7622AD1E3F2F1800DCE64F /* NanoHTTPD.m in Sources */,
				ADD877591E41C94800CDD012 /* XapiActivitySrkObj.m in Sources */,
				ADD8775B1E41C94800CDD012 /* XapiDocumentSrkObj.m in Sources */,
				AD7623301E3F395900DCE64F /* XapiStatementsForwardingListener.m in Sources */,
				AD76231A1E3F395900DCE64F /* XapiDocument.m in Sources */,
				AD7623281E3F395900DCE64F /* XapiStatementManager.m in Sources */,
				AD76230A1E3F395800DCE64F /* PersistenceManagerFactory.m in Sources */,
				ADD8775F1E41C94800CDD012 /* XapiUserSrkObj.m in Sources */,
				AD7623381E3F395900DCE64F /* XapiVerbEndpoint.m in Sources */,
				AD7622801E3F219900DCE64F /* main.m in Sources */,
				AD7623261E3F395900DCE64F /* XapiStatement.m in Sources */,
				AD76230E1E3F395800DCE64F /* XapiActivity.m in Sources */,
				AD76232A1E3F395900DCE64F /* XapiStatementsEndpoint.m in Sources */,
				AD7623061E3F395800DCE64F /* ParseUtil.m in Sources */,
				AD7623361E3F395900DCE64F /* XapiVerb.m in Sources */,
				AD76231E1E3F395900DCE64F /* XapiForwardingStatementManager.m in Sources */,
				AD7623181E3F395900DCE64F /* XapiAgentManager.m in Sources */,
				AD7623081E3F395800DCE64F /* PersistenceManager.m in Sources */,
				AD7622FE1E3F395800DCE64F /* Base64CoderNanoLrs.m in Sources */,
				AD7623341E3F395900DCE64F /* XapiUserManager.m in Sources */,
				AD7623041E3F395800DCE64F /* LrsIoUtils.m in Sources */,
				AD7622AF1E3F2F1800DCE64F /* RouterNanoHTTPD.m in Sources */,
				AD76230C1E3F395800DCE64F /* PersistenceReceiver.m in Sources */,
				AD7623001E3F395800DCE64F /* HttpLrs.m in Sources */,
			);
			runOnlyForDeploymentPostprocessing = 0;
		};
		AD7622901E3F219900DCE64F /* Sources */ = {
			isa = PBXSourcesBuildPhase;
			buildActionMask = 2147483647;
			files = (
				AD8040541E4765ED00647996 /* NanoLRSCoreTest.m in Sources */,
				ADF4B0451E4A70D200891CBD /* TestXapiAgentEndpointCore.m in Sources */,
				AD7622991E3F219900DCE64F /* NanoLrsLibiOSTests.m in Sources */,
				AD9B5C951E41ED8E00CFAF26 /* TestJsonUtil.m in Sources */,
				AD8040531E4765E600647996 /* TestXapiActivityEndpointCore.m in Sources */,
				AD7622BC1E3F387200DCE64F /* TestParseUtils.m in Sources */,
				ADF4B0461E4A70DA00891CBD /* NanoLrsPlatformTestUtil.m in Sources */,
				ADF4B0471E4A70E100891CBD /* TestConstants.m in Sources */,
			);
			runOnlyForDeploymentPostprocessing = 0;
		};
/* End PBXSourcesBuildPhase section */

/* Begin PBXTargetDependency section */
		AD7622961E3F219900DCE64F /* PBXTargetDependency */ = {
			isa = PBXTargetDependency;
			target = AD76227A1E3F219900DCE64F /* NanoLrsLibiOS */;
			targetProxy = AD7622951E3F219900DCE64F /* PBXContainerItemProxy */;
		};
/* End PBXTargetDependency section */

/* Begin PBXVariantGroup section */
		AD7622871E3F219900DCE64F /* Main.storyboard */ = {
			isa = PBXVariantGroup;
			children = (
				AD7622881E3F219900DCE64F /* Base */,
			);
			name = Main.storyboard;
			sourceTree = "<group>";
		};
		AD76228C1E3F219900DCE64F /* LaunchScreen.storyboard */ = {
			isa = PBXVariantGroup;
			children = (
				AD76228D1E3F219900DCE64F /* Base */,
			);
			name = LaunchScreen.storyboard;
			sourceTree = "<group>";
		};
/* End PBXVariantGroup section */

/* Begin XCBuildConfiguration section */
		AD76229B1E3F219900DCE64F /* Debug */ = {
			isa = XCBuildConfiguration;
			buildSettings = {
				ALWAYS_SEARCH_USER_PATHS = NO;
				CLANG_ANALYZER_NONNULL = YES;
				CLANG_CXX_LANGUAGE_STANDARD = "gnu++0x";
				CLANG_CXX_LIBRARY = "libc++";
				CLANG_ENABLE_MODULES = YES;
				CLANG_ENABLE_OBJC_ARC = NO;
				CLANG_WARN_BOOL_CONVERSION = YES;
				CLANG_WARN_CONSTANT_CONVERSION = YES;
				CLANG_WARN_DIRECT_OBJC_ISA_USAGE = YES_ERROR;
				CLANG_WARN_DOCUMENTATION_COMMENTS = YES;
				CLANG_WARN_EMPTY_BODY = YES;
				CLANG_WARN_ENUM_CONVERSION = YES;
				CLANG_WARN_INFINITE_RECURSION = YES;
				CLANG_WARN_INT_CONVERSION = YES;
				CLANG_WARN_OBJC_ROOT_CLASS = YES_ERROR;
				CLANG_WARN_SUSPICIOUS_MOVE = YES;
				CLANG_WARN_UNREACHABLE_CODE = YES;
				CLANG_WARN__DUPLICATE_METHOD_MATCH = YES;
				"CODE_SIGN_IDENTITY[sdk=iphoneos*]" = "iPhone Developer";
				COPY_PHASE_STRIP = NO;
				DEBUG_INFORMATION_FORMAT = dwarf;
				ENABLE_STRICT_OBJC_MSGSEND = YES;
				ENABLE_TESTABILITY = YES;
				FRAMEWORK_SEARCH_PATHS = "";
				GCC_C_LANGUAGE_STANDARD = gnu99;
				GCC_DYNAMIC_NO_PIC = NO;
				GCC_NO_COMMON_BLOCKS = YES;
				GCC_OPTIMIZATION_LEVEL = 0;
				GCC_PREPROCESSOR_DEFINITIONS = (
					"DEBUG=1",
					"$(inherited)",
				);
				GCC_WARN_64_TO_32_BIT_CONVERSION = YES;
				GCC_WARN_ABOUT_RETURN_TYPE = YES_ERROR;
				GCC_WARN_UNDECLARED_SELECTOR = YES;
				GCC_WARN_UNINITIALIZED_AUTOS = YES_AGGRESSIVE;
				GCC_WARN_UNUSED_FUNCTION = YES;
				GCC_WARN_UNUSED_VARIABLE = YES;
				IPHONEOS_DEPLOYMENT_TARGET = 10.2;
				LIBRARY_SEARCH_PATHS = "";
				MTL_ENABLE_DEBUG_INFO = YES;
				ONLY_ACTIVE_ARCH = YES;
				SDKROOT = iphoneos;
				TARGETED_DEVICE_FAMILY = "1,2";
				USER_HEADER_SEARCH_PATHS = "";
			};
			name = Debug;
		};
		AD76229C1E3F219900DCE64F /* Release */ = {
			isa = XCBuildConfiguration;
			buildSettings = {
				ALWAYS_SEARCH_USER_PATHS = NO;
				CLANG_ANALYZER_NONNULL = YES;
				CLANG_CXX_LANGUAGE_STANDARD = "gnu++0x";
				CLANG_CXX_LIBRARY = "libc++";
				CLANG_ENABLE_MODULES = YES;
				CLANG_ENABLE_OBJC_ARC = NO;
				CLANG_WARN_BOOL_CONVERSION = YES;
				CLANG_WARN_CONSTANT_CONVERSION = YES;
				CLANG_WARN_DIRECT_OBJC_ISA_USAGE = YES_ERROR;
				CLANG_WARN_DOCUMENTATION_COMMENTS = YES;
				CLANG_WARN_EMPTY_BODY = YES;
				CLANG_WARN_ENUM_CONVERSION = YES;
				CLANG_WARN_INFINITE_RECURSION = YES;
				CLANG_WARN_INT_CONVERSION = YES;
				CLANG_WARN_OBJC_ROOT_CLASS = YES_ERROR;
				CLANG_WARN_SUSPICIOUS_MOVE = YES;
				CLANG_WARN_UNREACHABLE_CODE = YES;
				CLANG_WARN__DUPLICATE_METHOD_MATCH = YES;
				"CODE_SIGN_IDENTITY[sdk=iphoneos*]" = "iPhone Developer";
				COPY_PHASE_STRIP = NO;
				DEBUG_INFORMATION_FORMAT = "dwarf-with-dsym";
				ENABLE_NS_ASSERTIONS = NO;
				ENABLE_STRICT_OBJC_MSGSEND = YES;
				FRAMEWORK_SEARCH_PATHS = "";
				GCC_C_LANGUAGE_STANDARD = gnu99;
				GCC_NO_COMMON_BLOCKS = YES;
				GCC_WARN_64_TO_32_BIT_CONVERSION = YES;
				GCC_WARN_ABOUT_RETURN_TYPE = YES_ERROR;
				GCC_WARN_UNDECLARED_SELECTOR = YES;
				GCC_WARN_UNINITIALIZED_AUTOS = YES_AGGRESSIVE;
				GCC_WARN_UNUSED_FUNCTION = YES;
				GCC_WARN_UNUSED_VARIABLE = YES;
				IPHONEOS_DEPLOYMENT_TARGET = 10.2;
				LIBRARY_SEARCH_PATHS = "";
				MTL_ENABLE_DEBUG_INFO = NO;
				SDKROOT = iphoneos;
				TARGETED_DEVICE_FAMILY = "1,2";
				USER_HEADER_SEARCH_PATHS = "";
				VALIDATE_PRODUCT = YES;
			};
			name = Release;
		};
		AD76229E1E3F219900DCE64F /* Debug */ = {
			isa = XCBuildConfiguration;
			baseConfigurationReference = 87B99F47A691BDF8D394288B /* Pods-NanoLrsLibiOS.debug.xcconfig */;
			buildSettings = {
				ASSETCATALOG_COMPILER_APPICON_NAME = AppIcon;
				"CODE_SIGN_IDENTITY[sdk=iphoneos*]" = "iPhone Developer";
				DEVELOPMENT_TEAM = "";
				FRAMEWORK_SEARCH_PATHS = (
					"$(J2OBJC_HOME)/frameworks",
					"$(inherited)",
				);
				INFOPLIST_FILE = NanoLrsLibiOS/Info.plist;
				LD_RUNPATH_SEARCH_PATHS = "$(inherited) @executable_path/Frameworks";
				LIBRARY_SEARCH_PATHS = (
					"$(J2OBJC_HOME)/lib",
					"$(inherited)",
				);
				OTHER_LDFLAGS = (
					"$(inherited)",
					"-ljre_emul",
				);
				PRODUCT_BUNDLE_IDENTIFIER = com.ustadmobile.NanoLrsLibiOS;
				PRODUCT_NAME = "$(TARGET_NAME)";
				USER_HEADER_SEARCH_PATHS = "$(J2OBJC_HOME)/include $(inherited)";
			};
			name = Debug;
		};
		AD76229F1E3F219900DCE64F /* Release */ = {
			isa = XCBuildConfiguration;
			baseConfigurationReference = A8204CA6DABF4A62373BF166 /* Pods-NanoLrsLibiOS.release.xcconfig */;
			buildSettings = {
				ASSETCATALOG_COMPILER_APPICON_NAME = AppIcon;
				"CODE_SIGN_IDENTITY[sdk=iphoneos*]" = "iPhone Developer";
				DEVELOPMENT_TEAM = "";
				FRAMEWORK_SEARCH_PATHS = (
					"$(J2OBJC_HOME)/frameworks",
					"$(inherited)",
				);
				INFOPLIST_FILE = NanoLrsLibiOS/Info.plist;
				LD_RUNPATH_SEARCH_PATHS = "$(inherited) @executable_path/Frameworks";
				LIBRARY_SEARCH_PATHS = (
					"$(J2OBJC_HOME)/lib",
					"$(inherited)",
				);
				OTHER_LDFLAGS = (
					"$(inherited)",
					"-ljre_emul",
				);
				PRODUCT_BUNDLE_IDENTIFIER = com.ustadmobile.NanoLrsLibiOS;
				PRODUCT_NAME = "$(TARGET_NAME)";
				USER_HEADER_SEARCH_PATHS = "$(J2OBJC_HOME)/include $(inherited)";
			};
			name = Release;
		};
		AD7622A11E3F219900DCE64F /* Debug */ = {
			isa = XCBuildConfiguration;
			baseConfigurationReference = C46CEB4942527533DC0CA566 /* Pods-NanoLrsLibiOSTests.debug.xcconfig */;
			buildSettings = {
				BUNDLE_LOADER = "$(TEST_HOST)";
				FRAMEWORK_SEARCH_PATHS = (
					"$(J2OBJC_HOME)/frameworks",
					"$(inherited)",
				);
				INFOPLIST_FILE = NanoLrsLibiOSTests/Info.plist;
				LD_RUNPATH_SEARCH_PATHS = "$(inherited) @executable_path/Frameworks @loader_path/Frameworks";
				LIBRARY_SEARCH_PATHS = (
					"$(J2OBJC_HOME)/lib",
					"$(inherited)",
				);
				OTHER_LDFLAGS = (
					"$(inherited)",
					"-ljunit",
				);
				PRODUCT_BUNDLE_IDENTIFIER = com.ustadmobile.NanoLrsLibiOSTests;
				PRODUCT_NAME = "$(TARGET_NAME)";
				TEST_HOST = "$(BUILT_PRODUCTS_DIR)/NanoLrsLibiOS.app/NanoLrsLibiOS";
				USER_HEADER_SEARCH_PATHS = "$(J2OBJC_HOME)/include $(inherited)";
			};
			name = Debug;
		};
		AD7622A21E3F219900DCE64F /* Release */ = {
			isa = XCBuildConfiguration;
			baseConfigurationReference = B1965922F354019FD64FAC4B /* Pods-NanoLrsLibiOSTests.release.xcconfig */;
			buildSettings = {
				BUNDLE_LOADER = "$(TEST_HOST)";
				FRAMEWORK_SEARCH_PATHS = (
					"$(J2OBJC_HOME)/frameworks",
					"$(inherited)",
				);
				INFOPLIST_FILE = NanoLrsLibiOSTests/Info.plist;
				LD_RUNPATH_SEARCH_PATHS = "$(inherited) @executable_path/Frameworks @loader_path/Frameworks";
				LIBRARY_SEARCH_PATHS = (
					"$(J2OBJC_HOME)/lib",
					"$(inherited)",
				);
				OTHER_LDFLAGS = (
					"$(inherited)",
					"-ljunit",
				);
				PRODUCT_BUNDLE_IDENTIFIER = com.ustadmobile.NanoLrsLibiOSTests;
				PRODUCT_NAME = "$(TARGET_NAME)";
				TEST_HOST = "$(BUILT_PRODUCTS_DIR)/NanoLrsLibiOS.app/NanoLrsLibiOS";
				USER_HEADER_SEARCH_PATHS = "$(J2OBJC_HOME)/include $(inherited)";
			};
			name = Release;
		};
/* End XCBuildConfiguration section */

/* Begin XCConfigurationList section */
		AD7622761E3F219800DCE64F /* Build configuration list for PBXProject "NanoLrsLibiOS" */ = {
			isa = XCConfigurationList;
			buildConfigurations = (
				AD76229B1E3F219900DCE64F /* Debug */,
				AD76229C1E3F219900DCE64F /* Release */,
			);
			defaultConfigurationIsVisible = 0;
			defaultConfigurationName = Release;
		};
		AD76229D1E3F219900DCE64F /* Build configuration list for PBXNativeTarget "NanoLrsLibiOS" */ = {
			isa = XCConfigurationList;
			buildConfigurations = (
				AD76229E1E3F219900DCE64F /* Debug */,
				AD76229F1E3F219900DCE64F /* Release */,
			);
			defaultConfigurationIsVisible = 0;
			defaultConfigurationName = Release;
		};
		AD7622A01E3F219900DCE64F /* Build configuration list for PBXNativeTarget "NanoLrsLibiOSTests" */ = {
			isa = XCConfigurationList;
			buildConfigurations = (
				AD7622A11E3F219900DCE64F /* Debug */,
				AD7622A21E3F219900DCE64F /* Release */,
			);
			defaultConfigurationIsVisible = 0;
			defaultConfigurationName = Release;
		};
/* End XCConfigurationList section */
	};
	rootObject = AD7622731E3F219800DCE64F /* Project object */;
}
