// !$*UTF8*$!
{
	archiveVersion = 1;
	classes = {
	};
	objectVersion = 46;
	objects = {

/* Begin PBXBuildFile section */
		AD7622801E3F219900DCE64F /* main.m in Sources */ = {isa = PBXBuildFile; fileRef = AD76227F1E3F219900DCE64F /* main.m */; };
		AD7622831E3F219900DCE64F /* AppDelegate.m in Sources */ = {isa = PBXBuildFile; fileRef = AD7622821E3F219900DCE64F /* AppDelegate.m */; };
		AD7622861E3F219900DCE64F /* ViewController.m in Sources */ = {isa = PBXBuildFile; fileRef = AD7622851E3F219900DCE64F /* ViewController.m */; settings = {COMPILER_FLAGS = "-fobjc-arc"; }; };
		AD7622891E3F219900DCE64F /* Main.storyboard in Resources */ = {isa = PBXBuildFile; fileRef = AD7622871E3F219900DCE64F /* Main.storyboard */; };
		AD76228B1E3F219900DCE64F /* Assets.xcassets in Resources */ = {isa = PBXBuildFile; fileRef = AD76228A1E3F219900DCE64F /* Assets.xcassets */; };
		AD76228E1E3F219900DCE64F /* LaunchScreen.storyboard in Resources */ = {isa = PBXBuildFile; fileRef = AD76228C1E3F219900DCE64F /* LaunchScreen.storyboard */; };
		AD7622991E3F219900DCE64F /* NanoLrsLibiOSTests.m in Sources */ = {isa = PBXBuildFile; fileRef = AD7622981E3F219900DCE64F /* NanoLrsLibiOSTests.m */; };
		AD7622A41E3F29B000DCE64F /* local.xcconfig in Resources */ = {isa = PBXBuildFile; fileRef = AD7622A31E3F29B000DCE64F /* local.xcconfig */; };
		AD7622A51E3F29B000DCE64F /* local.xcconfig in Resources */ = {isa = PBXBuildFile; fileRef = AD7622A31E3F29B000DCE64F /* local.xcconfig */; };
		AD7622AD1E3F2F1800DCE64F /* NanoHTTPD.m in Sources */ = {isa = PBXBuildFile; fileRef = AD7622A81E3F2F1800DCE64F /* NanoHTTPD.m */; };
		AD7622AE1E3F2F1800DCE64F /* NanoHTTPD.m in Sources */ = {isa = PBXBuildFile; fileRef = AD7622A81E3F2F1800DCE64F /* NanoHTTPD.m */; };
		AD7622AF1E3F2F1800DCE64F /* RouterNanoHTTPD.m in Sources */ = {isa = PBXBuildFile; fileRef = AD7622AA1E3F2F1800DCE64F /* RouterNanoHTTPD.m */; };
		AD7622B01E3F2F1800DCE64F /* RouterNanoHTTPD.m in Sources */ = {isa = PBXBuildFile; fileRef = AD7622AA1E3F2F1800DCE64F /* RouterNanoHTTPD.m */; };
		AD7622B11E3F2F1800DCE64F /* ServerRunner.m in Sources */ = {isa = PBXBuildFile; fileRef = AD7622AC1E3F2F1800DCE64F /* ServerRunner.m */; };
		AD7622B21E3F2F1900DCE64F /* ServerRunner.m in Sources */ = {isa = PBXBuildFile; fileRef = AD7622AC1E3F2F1800DCE64F /* ServerRunner.m */; };
		AD7622B51E3F2FDF00DCE64F /* Security.framework in Frameworks */ = {isa = PBXBuildFile; fileRef = AD7622B41E3F2FDF00DCE64F /* Security.framework */; };
		AD7622B71E3F305800DCE64F /* libz.tbd in Frameworks */ = {isa = PBXBuildFile; fileRef = AD7622B61E3F305800DCE64F /* libz.tbd */; };
/* End PBXBuildFile section */

/* Begin PBXContainerItemProxy section */
		AD7622951E3F219900DCE64F /* PBXContainerItemProxy */ = {
			isa = PBXContainerItemProxy;
			containerPortal = AD7622731E3F219800DCE64F /* Project object */;
			proxyType = 1;
			remoteGlobalIDString = AD76227A1E3F219900DCE64F;
			remoteInfo = NanoLrsLibiOS;
		};
/* End PBXContainerItemProxy section */

/* Begin PBXFileReference section */
		AD76227B1E3F219900DCE64F /* NanoLrsLibiOS.app */ = {isa = PBXFileReference; explicitFileType = wrapper.application; includeInIndex = 0; path = NanoLrsLibiOS.app; sourceTree = BUILT_PRODUCTS_DIR; };
		AD76227F1E3F219900DCE64F /* main.m */ = {isa = PBXFileReference; lastKnownFileType = sourcecode.c.objc; path = main.m; sourceTree = "<group>"; };
		AD7622811E3F219900DCE64F /* AppDelegate.h */ = {isa = PBXFileReference; lastKnownFileType = sourcecode.c.h; path = AppDelegate.h; sourceTree = "<group>"; };
		AD7622821E3F219900DCE64F /* AppDelegate.m */ = {isa = PBXFileReference; lastKnownFileType = sourcecode.c.objc; path = AppDelegate.m; sourceTree = "<group>"; };
		AD7622841E3F219900DCE64F /* ViewController.h */ = {isa = PBXFileReference; lastKnownFileType = sourcecode.c.h; path = ViewController.h; sourceTree = "<group>"; };
		AD7622851E3F219900DCE64F /* ViewController.m */ = {isa = PBXFileReference; lastKnownFileType = sourcecode.c.objc; path = ViewController.m; sourceTree = "<group>"; };
		AD7622881E3F219900DCE64F /* Base */ = {isa = PBXFileReference; lastKnownFileType = file.storyboard; name = Base; path = Base.lproj/Main.storyboard; sourceTree = "<group>"; };
		AD76228A1E3F219900DCE64F /* Assets.xcassets */ = {isa = PBXFileReference; lastKnownFileType = folder.assetcatalog; path = Assets.xcassets; sourceTree = "<group>"; };
		AD76228D1E3F219900DCE64F /* Base */ = {isa = PBXFileReference; lastKnownFileType = file.storyboard; name = Base; path = Base.lproj/LaunchScreen.storyboard; sourceTree = "<group>"; };
		AD76228F1E3F219900DCE64F /* Info.plist */ = {isa = PBXFileReference; lastKnownFileType = text.plist.xml; path = Info.plist; sourceTree = "<group>"; };
		AD7622941E3F219900DCE64F /* NanoLrsLibiOSTests.xctest */ = {isa = PBXFileReference; explicitFileType = wrapper.cfbundle; includeInIndex = 0; path = NanoLrsLibiOSTests.xctest; sourceTree = BUILT_PRODUCTS_DIR; };
		AD7622981E3F219900DCE64F /* NanoLrsLibiOSTests.m */ = {isa = PBXFileReference; lastKnownFileType = sourcecode.c.objc; path = NanoLrsLibiOSTests.m; sourceTree = "<group>"; };
		AD76229A1E3F219900DCE64F /* Info.plist */ = {isa = PBXFileReference; lastKnownFileType = text.plist.xml; path = Info.plist; sourceTree = "<group>"; };
		AD7622A31E3F29B000DCE64F /* local.xcconfig */ = {isa = PBXFileReference; fileEncoding = 4; lastKnownFileType = text.xcconfig; path = local.xcconfig; sourceTree = "<group>"; };
		AD7622A71E3F2F1800DCE64F /* NanoHTTPD.h */ = {isa = PBXFileReference; fileEncoding = 4; lastKnownFileType = sourcecode.c.h; path = NanoHTTPD.h; sourceTree = "<group>"; };
		AD7622A81E3F2F1800DCE64F /* NanoHTTPD.m */ = {isa = PBXFileReference; fileEncoding = 4; lastKnownFileType = sourcecode.c.objc; path = NanoHTTPD.m; sourceTree = "<group>"; };
		AD7622A91E3F2F1800DCE64F /* RouterNanoHTTPD.h */ = {isa = PBXFileReference; fileEncoding = 4; lastKnownFileType = sourcecode.c.h; path = RouterNanoHTTPD.h; sourceTree = "<group>"; };
		AD7622AA1E3F2F1800DCE64F /* RouterNanoHTTPD.m */ = {isa = PBXFileReference; fileEncoding = 4; lastKnownFileType = sourcecode.c.objc; path = RouterNanoHTTPD.m; sourceTree = "<group>"; };
		AD7622AB1E3F2F1800DCE64F /* ServerRunner.h */ = {isa = PBXFileReference; fileEncoding = 4; lastKnownFileType = sourcecode.c.h; path = ServerRunner.h; sourceTree = "<group>"; };
		AD7622AC1E3F2F1800DCE64F /* ServerRunner.m */ = {isa = PBXFileReference; fileEncoding = 4; lastKnownFileType = sourcecode.c.objc; path = ServerRunner.m; sourceTree = "<group>"; };
		AD7622B41E3F2FDF00DCE64F /* Security.framework */ = {isa = PBXFileReference; lastKnownFileType = wrapper.framework; name = Security.framework; path = System/Library/Frameworks/Security.framework; sourceTree = SDKROOT; };
		AD7622B61E3F305800DCE64F /* libz.tbd */ = {isa = PBXFileReference; lastKnownFileType = "sourcecode.text-based-dylib-definition"; name = libz.tbd; path = usr/lib/libz.tbd; sourceTree = SDKROOT; };
/* End PBXFileReference section */

/* Begin PBXFrameworksBuildPhase section */
		AD7622781E3F219900DCE64F /* Frameworks */ = {
			isa = PBXFrameworksBuildPhase;
			buildActionMask = 2147483647;
			files = (
				AD7622B71E3F305800DCE64F /* libz.tbd in Frameworks */,
				AD7622B51E3F2FDF00DCE64F /* Security.framework in Frameworks */,
			);
			runOnlyForDeploymentPostprocessing = 0;
		};
		AD7622911E3F219900DCE64F /* Frameworks */ = {
			isa = PBXFrameworksBuildPhase;
			buildActionMask = 2147483647;
			files = (
			);
			runOnlyForDeploymentPostprocessing = 0;
		};
/* End PBXFrameworksBuildPhase section */

/* Begin PBXGroup section */
		AD7622721E3F219800DCE64F = {
			isa = PBXGroup;
			children = (
				AD7622A61E3F2F1800DCE64F /* NanoHttpd */,
				AD7622A31E3F29B000DCE64F /* local.xcconfig */,
				AD76227D1E3F219900DCE64F /* NanoLrsLibiOS */,
				AD7622971E3F219900DCE64F /* NanoLrsLibiOSTests */,
				AD76227C1E3F219900DCE64F /* Products */,
				AD7622B31E3F2FDF00DCE64F /* Frameworks */,
			);
			sourceTree = "<group>";
		};
		AD76227C1E3F219900DCE64F /* Products */ = {
			isa = PBXGroup;
			children = (
				AD76227B1E3F219900DCE64F /* NanoLrsLibiOS.app */,
				AD7622941E3F219900DCE64F /* NanoLrsLibiOSTests.xctest */,
			);
			name = Products;
			sourceTree = "<group>";
		};
		AD76227D1E3F219900DCE64F /* NanoLrsLibiOS */ = {
			isa = PBXGroup;
			children = (
				AD7622811E3F219900DCE64F /* AppDelegate.h */,
				AD7622821E3F219900DCE64F /* AppDelegate.m */,
				AD7622841E3F219900DCE64F /* ViewController.h */,
				AD7622851E3F219900DCE64F /* ViewController.m */,
				AD7622871E3F219900DCE64F /* Main.storyboard */,
				AD76228A1E3F219900DCE64F /* Assets.xcassets */,
				AD76228C1E3F219900DCE64F /* LaunchScreen.storyboard */,
				AD76228F1E3F219900DCE64F /* Info.plist */,
				AD76227E1E3F219900DCE64F /* Supporting Files */,
			);
			path = NanoLrsLibiOS;
			sourceTree = "<group>";
		};
		AD76227E1E3F219900DCE64F /* Supporting Files */ = {
			isa = PBXGroup;
			children = (
				AD76227F1E3F219900DCE64F /* main.m */,
			);
			name = "Supporting Files";
			sourceTree = "<group>";
		};
		AD7622971E3F219900DCE64F /* NanoLrsLibiOSTests */ = {
			isa = PBXGroup;
			children = (
				AD7622981E3F219900DCE64F /* NanoLrsLibiOSTests.m */,
				AD76229A1E3F219900DCE64F /* Info.plist */,
			);
			path = NanoLrsLibiOSTests;
			sourceTree = "<group>";
		};
		AD7622A61E3F2F1800DCE64F /* NanoHttpd */ = {
			isa = PBXGroup;
			children = (
				AD7622A71E3F2F1800DCE64F /* NanoHTTPD.h */,
				AD7622A81E3F2F1800DCE64F /* NanoHTTPD.m */,
				AD7622A91E3F2F1800DCE64F /* RouterNanoHTTPD.h */,
				AD7622AA1E3F2F1800DCE64F /* RouterNanoHTTPD.m */,
				AD7622AB1E3F2F1800DCE64F /* ServerRunner.h */,
				AD7622AC1E3F2F1800DCE64F /* ServerRunner.m */,
			);
			name = NanoHttpd;
			path = ../Generated/NanoHttpd;
			sourceTree = "<group>";
		};
		AD7622B31E3F2FDF00DCE64F /* Frameworks */ = {
			isa = PBXGroup;
			children = (
				AD7622B61E3F305800DCE64F /* libz.tbd */,
				AD7622B41E3F2FDF00DCE64F /* Security.framework */,
			);
			name = Frameworks;
			sourceTree = "<group>";
		};
/* End PBXGroup section */

/* Begin PBXNativeTarget section */
		AD76227A1E3F219900DCE64F /* NanoLrsLibiOS */ = {
			isa = PBXNativeTarget;
			buildConfigurationList = AD76229D1E3F219900DCE64F /* Build configuration list for PBXNativeTarget "NanoLrsLibiOS" */;
			buildPhases = (
				AD7622771E3F219900DCE64F /* Sources */,
				AD7622781E3F219900DCE64F /* Frameworks */,
				AD7622791E3F219900DCE64F /* Resources */,
			);
			buildRules = (
			);
			dependencies = (
			);
			name = NanoLrsLibiOS;
			productName = NanoLrsLibiOS;
			productReference = AD76227B1E3F219900DCE64F /* NanoLrsLibiOS.app */;
			productType = "com.apple.product-type.application";
		};
		AD7622931E3F219900DCE64F /* NanoLrsLibiOSTests */ = {
			isa = PBXNativeTarget;
			buildConfigurationList = AD7622A01E3F219900DCE64F /* Build configuration list for PBXNativeTarget "NanoLrsLibiOSTests" */;
			buildPhases = (
				AD7622901E3F219900DCE64F /* Sources */,
				AD7622911E3F219900DCE64F /* Frameworks */,
				AD7622921E3F219900DCE64F /* Resources */,
			);
			buildRules = (
			);
			dependencies = (
				AD7622961E3F219900DCE64F /* PBXTargetDependency */,
			);
			name = NanoLrsLibiOSTests;
			productName = NanoLrsLibiOSTests;
			productReference = AD7622941E3F219900DCE64F /* NanoLrsLibiOSTests.xctest */;
			productType = "com.apple.product-type.bundle.unit-test";
		};
/* End PBXNativeTarget section */

/* Begin PBXProject section */
		AD7622731E3F219800DCE64F /* Project object */ = {
			isa = PBXProject;
			attributes = {
				LastUpgradeCheck = 0820;
				ORGANIZATIONNAME = "UstadMobile FZ-LLC";
				TargetAttributes = {
					AD76227A1E3F219900DCE64F = {
						CreatedOnToolsVersion = 8.2.1;
						ProvisioningStyle = Automatic;
					};
					AD7622931E3F219900DCE64F = {
						CreatedOnToolsVersion = 8.2.1;
						ProvisioningStyle = Automatic;
						TestTargetID = AD76227A1E3F219900DCE64F;
					};
				};
			};
			buildConfigurationList = AD7622761E3F219800DCE64F /* Build configuration list for PBXProject "NanoLrsLibiOS" */;
			compatibilityVersion = "Xcode 3.2";
			developmentRegion = English;
			hasScannedForEncodings = 0;
			knownRegions = (
				en,
				Base,
			);
			mainGroup = AD7622721E3F219800DCE64F;
			productRefGroup = AD76227C1E3F219900DCE64F /* Products */;
			projectDirPath = "";
			projectRoot = "";
			targets = (
				AD76227A1E3F219900DCE64F /* NanoLrsLibiOS */,
				AD7622931E3F219900DCE64F /* NanoLrsLibiOSTests */,
			);
		};
/* End PBXProject section */

/* Begin PBXResourcesBuildPhase section */
		AD7622791E3F219900DCE64F /* Resources */ = {
			isa = PBXResourcesBuildPhase;
			buildActionMask = 2147483647;
			files = (
				AD7622A41E3F29B000DCE64F /* local.xcconfig in Resources */,
				AD76228E1E3F219900DCE64F /* LaunchScreen.storyboard in Resources */,
				AD76228B1E3F219900DCE64F /* Assets.xcassets in Resources */,
				AD7622891E3F219900DCE64F /* Main.storyboard in Resources */,
			);
			runOnlyForDeploymentPostprocessing = 0;
		};
		AD7622921E3F219900DCE64F /* Resources */ = {
			isa = PBXResourcesBuildPhase;
			buildActionMask = 2147483647;
			files = (
				AD7622A51E3F29B000DCE64F /* local.xcconfig in Resources */,
			);
			runOnlyForDeploymentPostprocessing = 0;
		};
/* End PBXResourcesBuildPhase section */

/* Begin PBXSourcesBuildPhase section */
		AD7622771E3F219900DCE64F /* Sources */ = {
			isa = PBXSourcesBuildPhase;
			buildActionMask = 2147483647;
			files = (
				AD7622861E3F219900DCE64F /* ViewController.m in Sources */,
				AD7622831E3F219900DCE64F /* AppDelegate.m in Sources */,
				AD7622B11E3F2F1800DCE64F /* ServerRunner.m in Sources */,
				AD7622AD1E3F2F1800DCE64F /* NanoHTTPD.m in Sources */,
				AD7622801E3F219900DCE64F /* main.m in Sources */,
				AD7622AF1E3F2F1800DCE64F /* RouterNanoHTTPD.m in Sources */,
			);
			runOnlyForDeploymentPostprocessing = 0;
		};
		AD7622901E3F219900DCE64F /* Sources */ = {
			isa = PBXSourcesBuildPhase;
			buildActionMask = 2147483647;
			files = (
				AD7622AE1E3F2F1800DCE64F /* NanoHTTPD.m in Sources */,
				AD7622991E3F219900DCE64F /* NanoLrsLibiOSTests.m in Sources */,
				AD7622B21E3F2F1900DCE64F /* ServerRunner.m in Sources */,
				AD7622B01E3F2F1800DCE64F /* RouterNanoHTTPD.m in Sources */,
			);
			runOnlyForDeploymentPostprocessing = 0;
		};
/* End PBXSourcesBuildPhase section */

/* Begin PBXTargetDependency section */
		AD7622961E3F219900DCE64F /* PBXTargetDependency */ = {
			isa = PBXTargetDependency;
			target = AD76227A1E3F219900DCE64F /* NanoLrsLibiOS */;
			targetProxy = AD7622951E3F219900DCE64F /* PBXContainerItemProxy */;
		};
/* End PBXTargetDependency section */

/* Begin PBXVariantGroup section */
		AD7622871E3F219900DCE64F /* Main.storyboard */ = {
			isa = PBXVariantGroup;
			children = (
				AD7622881E3F219900DCE64F /* Base */,
			);
			name = Main.storyboard;
			sourceTree = "<group>";
		};
		AD76228C1E3F219900DCE64F /* LaunchScreen.storyboard */ = {
			isa = PBXVariantGroup;
			children = (
				AD76228D1E3F219900DCE64F /* Base */,
			);
			name = LaunchScreen.storyboard;
			sourceTree = "<group>";
		};
/* End PBXVariantGroup section */

/* Begin XCBuildConfiguration section */
		AD76229B1E3F219900DCE64F /* Debug */ = {
			isa = XCBuildConfiguration;
			buildSettings = {
				ALWAYS_SEARCH_USER_PATHS = NO;
				CLANG_ANALYZER_NONNULL = YES;
				CLANG_CXX_LANGUAGE_STANDARD = "gnu++0x";
				CLANG_CXX_LIBRARY = "libc++";
				CLANG_ENABLE_MODULES = YES;
				CLANG_ENABLE_OBJC_ARC = NO;
				CLANG_WARN_BOOL_CONVERSION = YES;
				CLANG_WARN_CONSTANT_CONVERSION = YES;
				CLANG_WARN_DIRECT_OBJC_ISA_USAGE = YES_ERROR;
				CLANG_WARN_DOCUMENTATION_COMMENTS = YES;
				CLANG_WARN_EMPTY_BODY = YES;
				CLANG_WARN_ENUM_CONVERSION = YES;
				CLANG_WARN_INFINITE_RECURSION = YES;
				CLANG_WARN_INT_CONVERSION = YES;
				CLANG_WARN_OBJC_ROOT_CLASS = YES_ERROR;
				CLANG_WARN_SUSPICIOUS_MOVE = YES;
				CLANG_WARN_UNREACHABLE_CODE = YES;
				CLANG_WARN__DUPLICATE_METHOD_MATCH = YES;
				"CODE_SIGN_IDENTITY[sdk=iphoneos*]" = "iPhone Developer";
				COPY_PHASE_STRIP = NO;
				DEBUG_INFORMATION_FORMAT = dwarf;
				ENABLE_STRICT_OBJC_MSGSEND = YES;
				ENABLE_TESTABILITY = YES;
				FRAMEWORK_SEARCH_PATHS = "";
				GCC_C_LANGUAGE_STANDARD = gnu99;
				GCC_DYNAMIC_NO_PIC = NO;
				GCC_NO_COMMON_BLOCKS = YES;
				GCC_OPTIMIZATION_LEVEL = 0;
				GCC_PREPROCESSOR_DEFINITIONS = (
					"DEBUG=1",
					"$(inherited)",
				);
				GCC_WARN_64_TO_32_BIT_CONVERSION = YES;
				GCC_WARN_ABOUT_RETURN_TYPE = YES_ERROR;
				GCC_WARN_UNDECLARED_SELECTOR = YES;
				GCC_WARN_UNINITIALIZED_AUTOS = YES_AGGRESSIVE;
				GCC_WARN_UNUSED_FUNCTION = YES;
				GCC_WARN_UNUSED_VARIABLE = YES;
				IPHONEOS_DEPLOYMENT_TARGET = 10.2;
				LIBRARY_SEARCH_PATHS = "";
				MTL_ENABLE_DEBUG_INFO = YES;
				ONLY_ACTIVE_ARCH = YES;
				SDKROOT = iphoneos;
				TARGETED_DEVICE_FAMILY = "1,2";
				USER_HEADER_SEARCH_PATHS = "";
			};
			name = Debug;
		};
		AD76229C1E3F219900DCE64F /* Release */ = {
			isa = XCBuildConfiguration;
			buildSettings = {
				ALWAYS_SEARCH_USER_PATHS = NO;
				CLANG_ANALYZER_NONNULL = YES;
				CLANG_CXX_LANGUAGE_STANDARD = "gnu++0x";
				CLANG_CXX_LIBRARY = "libc++";
				CLANG_ENABLE_MODULES = YES;
				CLANG_ENABLE_OBJC_ARC = NO;
				CLANG_WARN_BOOL_CONVERSION = YES;
				CLANG_WARN_CONSTANT_CONVERSION = YES;
				CLANG_WARN_DIRECT_OBJC_ISA_USAGE = YES_ERROR;
				CLANG_WARN_DOCUMENTATION_COMMENTS = YES;
				CLANG_WARN_EMPTY_BODY = YES;
				CLANG_WARN_ENUM_CONVERSION = YES;
				CLANG_WARN_INFINITE_RECURSION = YES;
				CLANG_WARN_INT_CONVERSION = YES;
				CLANG_WARN_OBJC_ROOT_CLASS = YES_ERROR;
				CLANG_WARN_SUSPICIOUS_MOVE = YES;
				CLANG_WARN_UNREACHABLE_CODE = YES;
				CLANG_WARN__DUPLICATE_METHOD_MATCH = YES;
				"CODE_SIGN_IDENTITY[sdk=iphoneos*]" = "iPhone Developer";
				COPY_PHASE_STRIP = NO;
				DEBUG_INFORMATION_FORMAT = "dwarf-with-dsym";
				ENABLE_NS_ASSERTIONS = NO;
				ENABLE_STRICT_OBJC_MSGSEND = YES;
				FRAMEWORK_SEARCH_PATHS = "";
				GCC_C_LANGUAGE_STANDARD = gnu99;
				GCC_NO_COMMON_BLOCKS = YES;
				GCC_WARN_64_TO_32_BIT_CONVERSION = YES;
				GCC_WARN_ABOUT_RETURN_TYPE = YES_ERROR;
				GCC_WARN_UNDECLARED_SELECTOR = YES;
				GCC_WARN_UNINITIALIZED_AUTOS = YES_AGGRESSIVE;
				GCC_WARN_UNUSED_FUNCTION = YES;
				GCC_WARN_UNUSED_VARIABLE = YES;
				IPHONEOS_DEPLOYMENT_TARGET = 10.2;
				LIBRARY_SEARCH_PATHS = "";
				MTL_ENABLE_DEBUG_INFO = NO;
				SDKROOT = iphoneos;
				TARGETED_DEVICE_FAMILY = "1,2";
				USER_HEADER_SEARCH_PATHS = "";
				VALIDATE_PRODUCT = YES;
			};
			name = Release;
		};
		AD76229E1E3F219900DCE64F /* Debug */ = {
			isa = XCBuildConfiguration;
			baseConfigurationReference = AD7622A31E3F29B000DCE64F /* local.xcconfig */;
			buildSettings = {
				ASSETCATALOG_COMPILER_APPICON_NAME = AppIcon;
				"CODE_SIGN_IDENTITY[sdk=iphoneos*]" = "iPhone Developer";
				DEVELOPMENT_TEAM = "";
				FRAMEWORK_SEARCH_PATHS = "$(J2OBJC_HOME)/frameworks";
				INFOPLIST_FILE = NanoLrsLibiOS/Info.plist;
				LD_RUNPATH_SEARCH_PATHS = "$(inherited) @executable_path/Frameworks";
				LIBRARY_SEARCH_PATHS = "$(J2OBJC_HOME)/lib";
				OTHER_LDFLAGS = (
					"-ljre_zip",
					"-ljre_emul",
				);
				PRODUCT_BUNDLE_IDENTIFIER = com.ustadmobile.NanoLrsLibiOS;
				PRODUCT_NAME = "$(TARGET_NAME)";
				USER_HEADER_SEARCH_PATHS = "$(J2OBJC_HOME)/include";
			};
			name = Debug;
		};
		AD76229F1E3F219900DCE64F /* Release */ = {
			isa = XCBuildConfiguration;
			baseConfigurationReference = AD7622A31E3F29B000DCE64F /* local.xcconfig */;
			buildSettings = {
				ASSETCATALOG_COMPILER_APPICON_NAME = AppIcon;
				"CODE_SIGN_IDENTITY[sdk=iphoneos*]" = "iPhone Developer";
				DEVELOPMENT_TEAM = "";
				FRAMEWORK_SEARCH_PATHS = "$(J2OBJC_HOME)/frameworks";
				INFOPLIST_FILE = NanoLrsLibiOS/Info.plist;
				LD_RUNPATH_SEARCH_PATHS = "$(inherited) @executable_path/Frameworks";
				LIBRARY_SEARCH_PATHS = "$(J2OBJC_HOME)/lib";
				OTHER_LDFLAGS = (
					"-ljre_zip",
					"-ljre_emul",
				);
				PRODUCT_BUNDLE_IDENTIFIER = com.ustadmobile.NanoLrsLibiOS;
				PRODUCT_NAME = "$(TARGET_NAME)";
				USER_HEADER_SEARCH_PATHS = "$(J2OBJC_HOME)/include";
			};
			name = Release;
		};
		AD7622A11E3F219900DCE64F /* Debug */ = {
			isa = XCBuildConfiguration;
			baseConfigurationReference = AD7622A31E3F29B000DCE64F /* local.xcconfig */;
			buildSettings = {
				BUNDLE_LOADER = "$(TEST_HOST)";
				INFOPLIST_FILE = NanoLrsLibiOSTests/Info.plist;
				LD_RUNPATH_SEARCH_PATHS = "$(inherited) @executable_path/Frameworks @loader_path/Frameworks";
				PRODUCT_BUNDLE_IDENTIFIER = com.ustadmobile.NanoLrsLibiOSTests;
				PRODUCT_NAME = "$(TARGET_NAME)";
				TEST_HOST = "$(BUILT_PRODUCTS_DIR)/NanoLrsLibiOS.app/NanoLrsLibiOS";
			};
			name = Debug;
		};
		AD7622A21E3F219900DCE64F /* Release */ = {
			isa = XCBuildConfiguration;
			baseConfigurationReference = AD7622A31E3F29B000DCE64F /* local.xcconfig */;
			buildSettings = {
				BUNDLE_LOADER = "$(TEST_HOST)";
				INFOPLIST_FILE = NanoLrsLibiOSTests/Info.plist;
				LD_RUNPATH_SEARCH_PATHS = "$(inherited) @executable_path/Frameworks @loader_path/Frameworks";
				PRODUCT_BUNDLE_IDENTIFIER = com.ustadmobile.NanoLrsLibiOSTests;
				PRODUCT_NAME = "$(TARGET_NAME)";
				TEST_HOST = "$(BUILT_PRODUCTS_DIR)/NanoLrsLibiOS.app/NanoLrsLibiOS";
			};
			name = Release;
		};
/* End XCBuildConfiguration section */

/* Begin XCConfigurationList section */
		AD7622761E3F219800DCE64F /* Build configuration list for PBXProject "NanoLrsLibiOS" */ = {
			isa = XCConfigurationList;
			buildConfigurations = (
				AD76229B1E3F219900DCE64F /* Debug */,
				AD76229C1E3F219900DCE64F /* Release */,
			);
			defaultConfigurationIsVisible = 0;
			defaultConfigurationName = Release;
		};
		AD76229D1E3F219900DCE64F /* Build configuration list for PBXNativeTarget "NanoLrsLibiOS" */ = {
			isa = XCConfigurationList;
			buildConfigurations = (
				AD76229E1E3F219900DCE64F /* Debug */,
				AD76229F1E3F219900DCE64F /* Release */,
			);
			defaultConfigurationIsVisible = 0;
		};
		AD7622A01E3F219900DCE64F /* Build configuration list for PBXNativeTarget "NanoLrsLibiOSTests" */ = {
			isa = XCConfigurationList;
			buildConfigurations = (
				AD7622A11E3F219900DCE64F /* Debug */,
				AD7622A21E3F219900DCE64F /* Release */,
			);
			defaultConfigurationIsVisible = 0;
		};
/* End XCConfigurationList section */
	};
	rootObject = AD7622731E3F219800DCE64F /* Project object */;
}
